// !$*UTF8*$!
{
	archiveVersion = 1;
	classes = {
	};
	objectVersion = 46;
	objects = {

/* Begin PBXBuildFile section */
		95145D081C05878700E72610 /* AppDelegate.swift in Sources */ = {isa = PBXBuildFile; fileRef = 95145D071C05878700E72610 /* AppDelegate.swift */; };
		95145D0A1C05878700E72610 /* ViewController.swift in Sources */ = {isa = PBXBuildFile; fileRef = 95145D091C05878700E72610 /* ViewController.swift */; };
		95145D0D1C05878700E72610 /* Main.storyboard in Resources */ = {isa = PBXBuildFile; fileRef = 95145D0B1C05878700E72610 /* Main.storyboard */; };
		95145D0F1C05878700E72610 /* Assets.xcassets in Resources */ = {isa = PBXBuildFile; fileRef = 95145D0E1C05878700E72610 /* Assets.xcassets */; };
		95145D121C05878700E72610 /* LaunchScreen.storyboard in Resources */ = {isa = PBXBuildFile; fileRef = 95145D101C05878700E72610 /* LaunchScreen.storyboard */; };
		95145D1A1C0587A000E72610 /* UIViewController+Navigation.swift in Sources */ = {isa = PBXBuildFile; fileRef = 95145D191C0587A000E72610 /* UIViewController+Navigation.swift */; };
/* End PBXBuildFile section */

/* Begin PBXFileReference section */
		95145D041C05878700E72610 /* AjikSketch.app */ = {isa = PBXFileReference; explicitFileType = wrapper.application; includeInIndex = 0; path = AjikSketch.app; sourceTree = BUILT_PRODUCTS_DIR; };
		95145D071C05878700E72610 /* AppDelegate.swift */ = {isa = PBXFileReference; lastKnownFileType = sourcecode.swift; path = AppDelegate.swift; sourceTree = "<group>"; };
		95145D091C05878700E72610 /* ViewController.swift */ = {isa = PBXFileReference; lastKnownFileType = sourcecode.swift; path = ViewController.swift; sourceTree = "<group>"; };
		95145D0C1C05878700E72610 /* Base */ = {isa = PBXFileReference; lastKnownFileType = file.storyboard; name = Base; path = Base.lproj/Main.storyboard; sourceTree = "<group>"; };
		95145D0E1C05878700E72610 /* Assets.xcassets */ = {isa = PBXFileReference; lastKnownFileType = folder.assetcatalog; path = Assets.xcassets; sourceTree = "<group>"; };
		95145D111C05878700E72610 /* Base */ = {isa = PBXFileReference; lastKnownFileType = file.storyboard; name = Base; path = Base.lproj/LaunchScreen.storyboard; sourceTree = "<group>"; };
		95145D131C05878700E72610 /* Info.plist */ = {isa = PBXFileReference; lastKnownFileType = text.plist.xml; path = Info.plist; sourceTree = "<group>"; };
		95145D191C0587A000E72610 /* UIViewController+Navigation.swift */ = {isa = PBXFileReference; fileEncoding = 4; lastKnownFileType = sourcecode.swift; path = "UIViewController+Navigation.swift"; sourceTree = "<group>"; };
/* End PBXFileReference section */

/* Begin PBXFrameworksBuildPhase section */
		95145D011C05878700E72610 /* Frameworks */ = {
			isa = PBXFrameworksBuildPhase;
			buildActionMask = 2147483647;
			files = (
			);
			runOnlyForDeploymentPostprocessing = 0;
		};
/* End PBXFrameworksBuildPhase section */

/* Begin PBXGroup section */
		95145CFB1C05878700E72610 = {
			isa = PBXGroup;
			children = (
				95145D061C05878700E72610 /* AjikSketch */,
				95145D051C05878700E72610 /* Products */,
			);
			sourceTree = "<group>";
		};
		95145D051C05878700E72610 /* Products */ = {
			isa = PBXGroup;
			children = (
				95145D041C05878700E72610 /* AjikSketch.app */,
			);
			name = Products;
			sourceTree = "<group>";
		};
		95145D061C05878700E72610 /* AjikSketch */ = {
			isa = PBXGroup;
			children = (
				95145D071C05878700E72610 /* AppDelegate.swift */,
				95145D191C0587A000E72610 /* UIViewController+Navigation.swift */,
				95145D091C05878700E72610 /* ViewController.swift */,
				95145D0B1C05878700E72610 /* Main.storyboard */,
				95145D0E1C05878700E72610 /* Assets.xcassets */,
				95145D101C05878700E72610 /* LaunchScreen.storyboard */,
				95145D131C05878700E72610 /* Info.plist */,
			);
			path = AjikSketch;
			sourceTree = "<group>";
		};
/* End PBXGroup section */

/* Begin PBXNativeTarget section */
		95145D031C05878700E72610 /* AjikSketch */ = {
			isa = PBXNativeTarget;
			buildConfigurationList = 95145D161C05878700E72610 /* Build configuration list for PBXNativeTarget "AjikSketch" */;
			buildPhases = (
				95145D001C05878700E72610 /* Sources */,
				95145D011C05878700E72610 /* Frameworks */,
				95145D021C05878700E72610 /* Resources */,
			);
			buildRules = (
			);
			dependencies = (
			);
			name = AjikSketch;
			productName = AjikSketch;
			productReference = 95145D041C05878700E72610 /* AjikSketch.app */;
			productType = "com.apple.product-type.application";
		};
/* End PBXNativeTarget section */

/* Begin PBXProject section */
		95145CFC1C05878700E72610 /* Project object */ = {
			isa = PBXProject;
			attributes = {
				LastSwiftUpdateCheck = 0710;
				LastUpgradeCheck = 0710;
				ORGANIZATIONNAME = "nayeon kim";
				TargetAttributes = {
					95145D031C05878700E72610 = {
						CreatedOnToolsVersion = 7.1.1;
					};
				};
			};
			buildConfigurationList = 95145CFF1C05878700E72610 /* Build configuration list for PBXProject "AjikSketch" */;
			compatibilityVersion = "Xcode 3.2";
			developmentRegion = English;
			hasScannedForEncodings = 0;
			knownRegions = (
				en,
				Base,
			);
			mainGroup = 95145CFB1C05878700E72610;
			productRefGroup = 95145D051C05878700E72610 /* Products */;
			projectDirPath = "";
			projectRoot = "";
			targets = (
				95145D031C05878700E72610 /* AjikSketch */,
			);
		};
/* End PBXProject section */

/* Begin PBXResourcesBuildPhase section */
		95145D021C05878700E72610 /* Resources */ = {
			isa = PBXResourcesBuildPhase;
			buildActionMask = 2147483647;
			files = (
				95145D121C05878700E72610 /* LaunchScreen.storyboard in Resources */,
				95145D0F1C05878700E72610 /* Assets.xcassets in Resources */,
				95145D0D1C05878700E72610 /* Main.storyboard in Resources */,
			);
			runOnlyForDeploymentPostprocessing = 0;
		};
/* End PBXResourcesBuildPhase section */

/* Begin PBXSourcesBuildPhase section */
		95145D001C05878700E72610 /* Sources */ = {
			isa = PBXSourcesBuildPhase;
			buildActionMask = 2147483647;
			files = (
				95145D1A1C0587A000E72610 /* UIViewController+Navigation.swift in Sources */,
				95145D0A1C05878700E72610 /* ViewController.swift in Sources */,
				95145D081C05878700E72610 /* AppDelegate.swift in Sources */,
			);
			runOnlyForDeploymentPostprocessing = 0;
		};
/* End PBXSourcesBuildPhase section */

/* Begin PBXVariantGroup section */
		95145D0B1C05878700E72610 /* Main.storyboard */ = {
			isa = PBXVariantGroup;
			children = (
				95145D0C1C05878700E72610 /* Base */,
			);
			name = Main.storyboard;
			sourceTree = "<group>";
		};
		95145D101C05878700E72610 /* LaunchScreen.storyboard */ = {
			isa = PBXVariantGroup;
			children = (
				95145D111C05878700E72610 /* Base */,
			);
			name = LaunchScreen.storyboard;
			sourceTree = "<group>";
		};
/* End PBXVariantGroup section */

/* Begin XCBuildConfiguration section */
		95145D141C05878700E72610 /* Debug */ = {
			isa = XCBuildConfiguration;
			buildSettings = {
				ALWAYS_SEARCH_USER_PATHS = NO;
				CLANG_CXX_LANGUAGE_STANDARD = "gnu++0x";
				CLANG_CXX_LIBRARY = "libc++";
				CLANG_ENABLE_MODULES = YES;
				CLANG_ENABLE_OBJC_ARC = YES;
				CLANG_WARN_BOOL_CONVERSION = YES;
				CLANG_WARN_CONSTANT_CONVERSION = YES;
				CLANG_WARN_DIRECT_OBJC_ISA_USAGE = YES_ERROR;
				CLANG_WARN_EMPTY_BODY = YES;
				CLANG_WARN_ENUM_CONVERSION = YES;
				CLANG_WARN_INT_CONVERSION = YES;
				CLANG_WARN_OBJC_ROOT_CLASS = YES_ERROR;
				CLANG_WARN_UNREACHABLE_CODE = YES;
				CLANG_WARN__DUPLICATE_METHOD_MATCH = YES;
				"CODE_SIGN_IDENTITY[sdk=iphoneos*]" = "iPhone Developer";
				COPY_PHASE_STRIP = NO;
				DEBUG_INFORMATION_FORMAT = dwarf;
				ENABLE_STRICT_OBJC_MSGSEND = YES;
				ENABLE_TESTABILITY = YES;
				GCC_C_LANGUAGE_STANDARD = gnu99;
				GCC_DYNAMIC_NO_PIC = NO;
				GCC_NO_COMMON_BLOCKS = YES;
				GCC_OPTIMIZATION_LEVEL = 0;
				GCC_PREPROCESSOR_DEFINITIONS = (
					"DEBUG=1",
					"$(inherited)",
				);
				GCC_WARN_64_TO_32_BIT_CONVERSION = YES;
				GCC_WARN_ABOUT_RETURN_TYPE = YES_ERROR;
				GCC_WARN_UNDECLARED_SELECTOR = YES;
				GCC_WARN_UNINITIALIZED_AUTOS = YES_AGGRESSIVE;
				GCC_WARN_UNUSED_FUNCTION = YES;
				GCC_WARN_UNUSED_VARIABLE = YES;
				IPHONEOS_DEPLOYMENT_TARGET = 9.1;
				MTL_ENABLE_DEBUG_INFO = YES;
				ONLY_ACTIVE_ARCH = YES;
				SDKROOT = iphoneos;
				SWIFT_OPTIMIZATION_LEVEL = "-Onone";
				TARGETED_DEVICE_FAMILY = "1,2";
			};
			name = Debug;
		};
		95145D151C05878700E72610 /* Release */ = {
			isa = XCBuildConfiguration;
			buildSettings = {
				ALWAYS_SEARCH_USER_PATHS = NO;
				CLANG_CXX_LANGUAGE_STANDARD = "gnu++0x";
				CLANG_CXX_LIBRARY = "libc++";
				CLANG_ENABLE_MODULES = YES;
				CLANG_ENABLE_OBJC_ARC = YES;
				CLANG_WARN_BOOL_CONVERSION = YES;
				CLANG_WARN_CONSTANT_CONVERSION = YES;
				CLANG_WARN_DIRECT_OBJC_ISA_USAGE = YES_ERROR;
				CLANG_WARN_EMPTY_BODY = YES;
				CLANG_WARN_ENUM_CONVERSION = YES;
				CLANG_WARN_INT_CONVERSION = YES;
				CLANG_WARN_OBJC_ROOT_CLASS = YES_ERROR;
				CLANG_WARN_UNREACHABLE_CODE = YES;
				CLANG_WARN__DUPLICATE_METHOD_MATCH = YES;
				"CODE_SIGN_IDENTITY[sdk=iphoneos*]" = "iPhone Developer";
				COPY_PHASE_STRIP = NO;
				DEBUG_INFORMATION_FORMAT = "dwarf-with-dsym";
				ENABLE_NS_ASSERTIONS = NO;
				ENABLE_STRICT_OBJC_MSGSEND = YES;
				GCC_C_LANGUAGE_STANDARD = gnu99;
				GCC_NO_COMMON_BLOCKS = YES;
				GCC_WARN_64_TO_32_BIT_CONVERSION = YES;
				GCC_WARN_ABOUT_RETURN_TYPE = YES_ERROR;
				GCC_WARN_UNDECLARED_SELECTOR = YES;
				GCC_WARN_UNINITIALIZED_AUTOS = YES_AGGRESSIVE;
				GCC_WARN_UNUSED_FUNCTION = YES;
				GCC_WARN_UNUSED_VARIABLE = YES;
				IPHONEOS_DEPLOYMENT_TARGET = 9.1;
				MTL_ENABLE_DEBUG_INFO = NO;
				SDKROOT = iphoneos;
				TARGETED_DEVICE_FAMILY = "1,2";
				VALIDATE_PRODUCT = YES;
			};
			name = Release;
		};
		95145D171C05878700E72610 /* Debug */ = {
			isa = XCBuildConfiguration;
			buildSettings = {
				ASSETCATALOG_COMPILER_APPICON_NAME = AppIcon;
				INFOPLIST_FILE = AjikSketch/Info.plist;
				LD_RUNPATH_SEARCH_PATHS = "$(inherited) @executable_path/Frameworks";
				PRODUCT_BUNDLE_IDENTIFIER = "-.AjikSketch";
				PRODUCT_NAME = "$(TARGET_NAME)";
			};
			name = Debug;
		};
		95145D181C05878700E72610 /* Release */ = {
			isa = XCBuildConfiguration;
			buildSettings = {
				ASSETCATALOG_COMPILER_APPICON_NAME = AppIcon;
				INFOPLIST_FILE = AjikSketch/Info.plist;
				LD_RUNPATH_SEARCH_PATHS = "$(inherited) @executable_path/Frameworks";
				PRODUCT_BUNDLE_IDENTIFIER = "-.AjikSketch";
				PRODUCT_NAME = "$(TARGET_NAME)";
			};
			name = Release;
		};
/* End XCBuildConfiguration section */

/* Begin XCConfigurationList section */
		95145CFF1C05878700E72610 /* Build configuration list for PBXProject "AjikSketch" */ = {
			isa = XCConfigurationList;
			buildConfigurations = (
				95145D141C05878700E72610 /* Debug */,
				95145D151C05878700E72610 /* Release */,
			);
			defaultConfigurationIsVisible = 0;
			defaultConfigurationName = Release;
		};
		95145D161C05878700E72610 /* Build configuration list for PBXNativeTarget "AjikSketch" */ = {
			isa = XCConfigurationList;
			buildConfigurations = (
				95145D171C05878700E72610 /* Debug */,
				95145D181C05878700E72610 /* Release */,
			);
			defaultConfigurationIsVisible = 0;
		};
/* End XCConfigurationList section */
	};
	rootObject = 95145CFC1C05878700E72610 /* Project object */;
}
