// !$*UTF8*$!
{
	archiveVersion = 1;
	classes = {
	};
	objectVersion = 46;
	objects = {

/* Begin PBXBuildFile section */
		C14E845B1C117EFD0014FD60 /* AppDelegate.swift in Sources */ = {isa = PBXBuildFile; fileRef = C14E845A1C117EFD0014FD60 /* AppDelegate.swift */; };
		C14E845D1C117EFD0014FD60 /* ViewController.swift in Sources */ = {isa = PBXBuildFile; fileRef = C14E845C1C117EFD0014FD60 /* ViewController.swift */; };
		C14E84601C117EFD0014FD60 /* Main.storyboard in Resources */ = {isa = PBXBuildFile; fileRef = C14E845E1C117EFD0014FD60 /* Main.storyboard */; };
		C14E84621C117EFD0014FD60 /* Assets.xcassets in Resources */ = {isa = PBXBuildFile; fileRef = C14E84611C117EFD0014FD60 /* Assets.xcassets */; };
		C14E84651C117EFD0014FD60 /* LaunchScreen.storyboard in Resources */ = {isa = PBXBuildFile; fileRef = C14E84631C117EFD0014FD60 /* LaunchScreen.storyboard */; };
		C14E846D1C117F0E0014FD60 /* PilotPlant.framework in Frameworks */ = {isa = PBXBuildFile; fileRef = C14E846C1C117F0E0014FD60 /* PilotPlant.framework */; };
		C14E846F1C117F140014FD60 /* UIViewController+Navigation.swift in Sources */ = {isa = PBXBuildFile; fileRef = C14E846E1C117F140014FD60 /* UIViewController+Navigation.swift */; };
		C14E84701C117F190014FD60 /* PilotPlant.framework in Frameworks */ = {isa = PBXBuildFile; fileRef = C14E846C1C117F0E0014FD60 /* PilotPlant.framework */; };
		C14E84711C117F190014FD60 /* PilotPlant.framework in Embed Frameworks */ = {isa = PBXBuildFile; fileRef = C14E846C1C117F0E0014FD60 /* PilotPlant.framework */; settings = {ATTRIBUTES = (CodeSignOnCopy, RemoveHeadersOnCopy, ); }; };
/* End PBXBuildFile section */

/* Begin PBXCopyFilesBuildPhase section */
		C14E84721C117F190014FD60 /* Embed Frameworks */ = {
			isa = PBXCopyFilesBuildPhase;
			buildActionMask = 2147483647;
			dstPath = "";
			dstSubfolderSpec = 10;
			files = (
				C14E84711C117F190014FD60 /* PilotPlant.framework in Embed Frameworks */,
			);
			name = "Embed Frameworks";
			runOnlyForDeploymentPostprocessing = 0;
		};
/* End PBXCopyFilesBuildPhase section */

/* Begin PBXFileReference section */
		C14E84571C117EFD0014FD60 /* VoDo.app */ = {isa = PBXFileReference; explicitFileType = wrapper.application; includeInIndex = 0; path = VoDo.app; sourceTree = BUILT_PRODUCTS_DIR; };
		C14E845A1C117EFD0014FD60 /* AppDelegate.swift */ = {isa = PBXFileReference; lastKnownFileType = sourcecode.swift; path = AppDelegate.swift; sourceTree = "<group>"; };
		C14E845C1C117EFD0014FD60 /* ViewController.swift */ = {isa = PBXFileReference; lastKnownFileType = sourcecode.swift; path = ViewController.swift; sourceTree = "<group>"; };
		C14E845F1C117EFD0014FD60 /* Base */ = {isa = PBXFileReference; lastKnownFileType = file.storyboard; name = Base; path = Base.lproj/Main.storyboard; sourceTree = "<group>"; };
		C14E84611C117EFD0014FD60 /* Assets.xcassets */ = {isa = PBXFileReference; lastKnownFileType = folder.assetcatalog; path = Assets.xcassets; sourceTree = "<group>"; };
		C14E84641C117EFD0014FD60 /* Base */ = {isa = PBXFileReference; lastKnownFileType = file.storyboard; name = Base; path = Base.lproj/LaunchScreen.storyboard; sourceTree = "<group>"; };
		C14E84661C117EFD0014FD60 /* Info.plist */ = {isa = PBXFileReference; lastKnownFileType = text.plist.xml; path = Info.plist; sourceTree = "<group>"; };
		C14E846C1C117F0E0014FD60 /* PilotPlant.framework */ = {isa = PBXFileReference; lastKnownFileType = wrapper.framework; path = PilotPlant.framework; sourceTree = "<group>"; };
		C14E846E1C117F140014FD60 /* UIViewController+Navigation.swift */ = {isa = PBXFileReference; fileEncoding = 4; lastKnownFileType = sourcecode.swift; path = "UIViewController+Navigation.swift"; sourceTree = "<group>"; };
/* End PBXFileReference section */

/* Begin PBXFrameworksBuildPhase section */
		C14E84541C117EFD0014FD60 /* Frameworks */ = {
			isa = PBXFrameworksBuildPhase;
			buildActionMask = 2147483647;
			files = (
				C14E846D1C117F0E0014FD60 /* PilotPlant.framework in Frameworks */,
				C14E84701C117F190014FD60 /* PilotPlant.framework in Frameworks */,
			);
			runOnlyForDeploymentPostprocessing = 0;
		};
/* End PBXFrameworksBuildPhase section */

/* Begin PBXGroup section */
		C14E844E1C117EFC0014FD60 = {
			isa = PBXGroup;
			children = (
				C14E846C1C117F0E0014FD60 /* PilotPlant.framework */,
				C14E84591C117EFD0014FD60 /* VoDo */,
				C14E84581C117EFD0014FD60 /* Products */,
			);
			sourceTree = "<group>";
		};
		C14E84581C117EFD0014FD60 /* Products */ = {
			isa = PBXGroup;
			children = (
				C14E84571C117EFD0014FD60 /* VoDo.app */,
			);
			name = Products;
			sourceTree = "<group>";
		};
		C14E84591C117EFD0014FD60 /* VoDo */ = {
			isa = PBXGroup;
			children = (
				C14E846E1C117F140014FD60 /* UIViewController+Navigation.swift */,
				C14E845A1C117EFD0014FD60 /* AppDelegate.swift */,
				C14E845C1C117EFD0014FD60 /* ViewController.swift */,
				C14E845E1C117EFD0014FD60 /* Main.storyboard */,
				C14E84611C117EFD0014FD60 /* Assets.xcassets */,
				C14E84631C117EFD0014FD60 /* LaunchScreen.storyboard */,
				C14E84661C117EFD0014FD60 /* Info.plist */,
			);
			path = VoDo;
			sourceTree = "<group>";
		};
/* End PBXGroup section */

/* Begin PBXNativeTarget section */
		C14E84561C117EFD0014FD60 /* VoDo */ = {
			isa = PBXNativeTarget;
			buildConfigurationList = C14E84691C117EFD0014FD60 /* Build configuration list for PBXNativeTarget "VoDo" */;
			buildPhases = (
				C14E84531C117EFD0014FD60 /* Sources */,
				C14E84541C117EFD0014FD60 /* Frameworks */,
				C14E84551C117EFD0014FD60 /* Resources */,
				C14E84721C117F190014FD60 /* Embed Frameworks */,
			);
			buildRules = (
			);
			dependencies = (
			);
			name = VoDo;
			productName = VoDo;
			productReference = C14E84571C117EFD0014FD60 /* VoDo.app */;
			productType = "com.apple.product-type.application";
		};
/* End PBXNativeTarget section */

/* Begin PBXProject section */
		C14E844F1C117EFC0014FD60 /* Project object */ = {
			isa = PBXProject;
			attributes = {
				LastSwiftUpdateCheck = 0710;
				LastUpgradeCheck = 0710;
				ORGANIZATIONNAME = Chanhee;
				TargetAttributes = {
					C14E84561C117EFD0014FD60 = {
						CreatedOnToolsVersion = 7.1;
					};
				};
			};
			buildConfigurationList = C14E84521C117EFC0014FD60 /* Build configuration list for PBXProject "VoDo" */;
			compatibilityVersion = "Xcode 3.2";
			developmentRegion = English;
			hasScannedForEncodings = 0;
			knownRegions = (
				en,
				Base,
			);
			mainGroup = C14E844E1C117EFC0014FD60;
			productRefGroup = C14E84581C117EFD0014FD60 /* Products */;
			projectDirPath = "";
			projectRoot = "";
			targets = (
				C14E84561C117EFD0014FD60 /* VoDo */,
			);
		};
/* End PBXProject section */

/* Begin PBXResourcesBuildPhase section */
		C14E84551C117EFD0014FD60 /* Resources */ = {
			isa = PBXResourcesBuildPhase;
			buildActionMask = 2147483647;
			files = (
				C14E84651C117EFD0014FD60 /* LaunchScreen.storyboard in Resources */,
				C14E84621C117EFD0014FD60 /* Assets.xcassets in Resources */,
				C14E84601C117EFD0014FD60 /* Main.storyboard in Resources */,
			);
			runOnlyForDeploymentPostprocessing = 0;
		};
/* End PBXResourcesBuildPhase section */

/* Begin PBXSourcesBuildPhase section */
		C14E84531C117EFD0014FD60 /* Sources */ = {
			isa = PBXSourcesBuildPhase;
			buildActionMask = 2147483647;
			files = (
				C14E846F1C117F140014FD60 /* UIViewController+Navigation.swift in Sources */,
				C14E845D1C117EFD0014FD60 /* ViewController.swift in Sources */,
				C14E845B1C117EFD0014FD60 /* AppDelegate.swift in Sources */,
			);
			runOnlyForDeploymentPostprocessing = 0;
		};
/* End PBXSourcesBuildPhase section */

/* Begin PBXVariantGroup section */
		C14E845E1C117EFD0014FD60 /* Main.storyboard */ = {
			isa = PBXVariantGroup;
			children = (
				C14E845F1C117EFD0014FD60 /* Base */,
			);
			name = Main.storyboard;
			sourceTree = "<group>";
		};
		C14E84631C117EFD0014FD60 /* LaunchScreen.storyboard */ = {
			isa = PBXVariantGroup;
			children = (
				C14E84641C117EFD0014FD60 /* Base */,
			);
			name = LaunchScreen.storyboard;
			sourceTree = "<group>";
		};
/* End PBXVariantGroup section */

/* Begin XCBuildConfiguration section */
		C14E84671C117EFD0014FD60 /* Debug */ = {
			isa = XCBuildConfiguration;
			buildSettings = {
				ALWAYS_SEARCH_USER_PATHS = NO;
				CLANG_CXX_LANGUAGE_STANDARD = "gnu++0x";
				CLANG_CXX_LIBRARY = "libc++";
				CLANG_ENABLE_MODULES = YES;
				CLANG_ENABLE_OBJC_ARC = YES;
				CLANG_WARN_BOOL_CONVERSION = YES;
				CLANG_WARN_CONSTANT_CONVERSION = YES;
				CLANG_WARN_DIRECT_OBJC_ISA_USAGE = YES_ERROR;
				CLANG_WARN_EMPTY_BODY = YES;
				CLANG_WARN_ENUM_CONVERSION = YES;
				CLANG_WARN_INT_CONVERSION = YES;
				CLANG_WARN_OBJC_ROOT_CLASS = YES_ERROR;
				CLANG_WARN_UNREACHABLE_CODE = YES;
				CLANG_WARN__DUPLICATE_METHOD_MATCH = YES;
				"CODE_SIGN_IDENTITY[sdk=iphoneos*]" = "iPhone Developer";
				COPY_PHASE_STRIP = NO;
				DEBUG_INFORMATION_FORMAT = dwarf;
				ENABLE_STRICT_OBJC_MSGSEND = YES;
				ENABLE_TESTABILITY = YES;
				GCC_C_LANGUAGE_STANDARD = gnu99;
				GCC_DYNAMIC_NO_PIC = NO;
				GCC_NO_COMMON_BLOCKS = YES;
				GCC_OPTIMIZATION_LEVEL = 0;
				GCC_PREPROCESSOR_DEFINITIONS = (
					"DEBUG=1",
					"$(inherited)",
				);
				GCC_WARN_64_TO_32_BIT_CONVERSION = YES;
				GCC_WARN_ABOUT_RETURN_TYPE = YES_ERROR;
				GCC_WARN_UNDECLARED_SELECTOR = YES;
				GCC_WARN_UNINITIALIZED_AUTOS = YES_AGGRESSIVE;
				GCC_WARN_UNUSED_FUNCTION = YES;
				GCC_WARN_UNUSED_VARIABLE = YES;
				IPHONEOS_DEPLOYMENT_TARGET = 9.1;
				MTL_ENABLE_DEBUG_INFO = YES;
				ONLY_ACTIVE_ARCH = YES;
				SDKROOT = iphoneos;
				SWIFT_OPTIMIZATION_LEVEL = "-Onone";
				TARGETED_DEVICE_FAMILY = "1,2";
			};
			name = Debug;
		};
		C14E84681C117EFD0014FD60 /* Release */ = {
			isa = XCBuildConfiguration;
			buildSettings = {
				ALWAYS_SEARCH_USER_PATHS = NO;
				CLANG_CXX_LANGUAGE_STANDARD = "gnu++0x";
				CLANG_CXX_LIBRARY = "libc++";
				CLANG_ENABLE_MODULES = YES;
				CLANG_ENABLE_OBJC_ARC = YES;
				CLANG_WARN_BOOL_CONVERSION = YES;
				CLANG_WARN_CONSTANT_CONVERSION = YES;
				CLANG_WARN_DIRECT_OBJC_ISA_USAGE = YES_ERROR;
				CLANG_WARN_EMPTY_BODY = YES;
				CLANG_WARN_ENUM_CONVERSION = YES;
				CLANG_WARN_INT_CONVERSION = YES;
				CLANG_WARN_OBJC_ROOT_CLASS = YES_ERROR;
				CLANG_WARN_UNREACHABLE_CODE = YES;
				CLANG_WARN__DUPLICATE_METHOD_MATCH = YES;
				"CODE_SIGN_IDENTITY[sdk=iphoneos*]" = "iPhone Developer";
				COPY_PHASE_STRIP = NO;
				DEBUG_INFORMATION_FORMAT = "dwarf-with-dsym";
				ENABLE_NS_ASSERTIONS = NO;
				ENABLE_STRICT_OBJC_MSGSEND = YES;
				GCC_C_LANGUAGE_STANDARD = gnu99;
				GCC_NO_COMMON_BLOCKS = YES;
				GCC_WARN_64_TO_32_BIT_CONVERSION = YES;
				GCC_WARN_ABOUT_RETURN_TYPE = YES_ERROR;
				GCC_WARN_UNDECLARED_SELECTOR = YES;
				GCC_WARN_UNINITIALIZED_AUTOS = YES_AGGRESSIVE;
				GCC_WARN_UNUSED_FUNCTION = YES;
				GCC_WARN_UNUSED_VARIABLE = YES;
				IPHONEOS_DEPLOYMENT_TARGET = 9.1;
				MTL_ENABLE_DEBUG_INFO = NO;
				SDKROOT = iphoneos;
				TARGETED_DEVICE_FAMILY = "1,2";
				VALIDATE_PRODUCT = YES;
			};
			name = Release;
		};
		C14E846A1C117EFD0014FD60 /* Debug */ = {
			isa = XCBuildConfiguration;
			buildSettings = {
				ASSETCATALOG_COMPILER_APPICON_NAME = AppIcon;
				FRAMEWORK_SEARCH_PATHS = (
					"$(inherited)",
					"$(PROJECT_DIR)",
				);
				INFOPLIST_FILE = VoDo/Info.plist;
				LD_RUNPATH_SEARCH_PATHS = "$(inherited) @executable_path/Frameworks";
				PRODUCT_BUNDLE_IDENTIFIER = com.chanhee.VoDo;
				PRODUCT_NAME = "$(TARGET_NAME)";
			};
			name = Debug;
		};
		C14E846B1C117EFD0014FD60 /* Release */ = {
			isa = XCBuildConfiguration;
			buildSettings = {
				ASSETCATALOG_COMPILER_APPICON_NAME = AppIcon;
				FRAMEWORK_SEARCH_PATHS = (
					"$(inherited)",
					"$(PROJECT_DIR)",
				);
				INFOPLIST_FILE = VoDo/Info.plist;
				LD_RUNPATH_SEARCH_PATHS = "$(inherited) @executable_path/Frameworks";
				PRODUCT_BUNDLE_IDENTIFIER = com.chanhee.VoDo;
				PRODUCT_NAME = "$(TARGET_NAME)";
			};
			name = Release;
		};
/* End XCBuildConfiguration section */

/* Begin XCConfigurationList section */
		C14E84521C117EFC0014FD60 /* Build configuration list for PBXProject "VoDo" */ = {
			isa = XCConfigurationList;
			buildConfigurations = (
				C14E84671C117EFD0014FD60 /* Debug */,
				C14E84681C117EFD0014FD60 /* Release */,
			);
			defaultConfigurationIsVisible = 0;
			defaultConfigurationName = Release;
		};
		C14E84691C117EFD0014FD60 /* Build configuration list for PBXNativeTarget "VoDo" */ = {
			isa = XCConfigurationList;
			buildConfigurations = (
				C14E846A1C117EFD0014FD60 /* Debug */,
				C14E846B1C117EFD0014FD60 /* Release */,
			);
			defaultConfigurationIsVisible = 0;
		};
/* End XCConfigurationList section */
	};
	rootObject = C14E844F1C117EFC0014FD60 /* Project object */;
}
