// !$*UTF8*$!
{
	archiveVersion = 1;
	classes = {
	};
	objectVersion = 46;
	objects = {

/* Begin PBXBuildFile section */
		DE0EFE361C084BEC00CBBC9C /* AppDelegate.swift in Sources */ = {isa = PBXBuildFile; fileRef = DE0EFE351C084BEC00CBBC9C /* AppDelegate.swift */; };
		DE0EFE381C084BEC00CBBC9C /* ViewController.swift in Sources */ = {isa = PBXBuildFile; fileRef = DE0EFE371C084BEC00CBBC9C /* ViewController.swift */; };
		DE0EFE3B1C084BEC00CBBC9C /* Main.storyboard in Resources */ = {isa = PBXBuildFile; fileRef = DE0EFE391C084BEC00CBBC9C /* Main.storyboard */; };
		DE0EFE3D1C084BEC00CBBC9C /* Assets.xcassets in Resources */ = {isa = PBXBuildFile; fileRef = DE0EFE3C1C084BEC00CBBC9C /* Assets.xcassets */; };
		DE0EFE401C084BEC00CBBC9C /* LaunchScreen.storyboard in Resources */ = {isa = PBXBuildFile; fileRef = DE0EFE3E1C084BEC00CBBC9C /* LaunchScreen.storyboard */; };
/* End PBXBuildFile section */

/* Begin PBXFileReference section */
		DE0EFE321C084BEC00CBBC9C /* MyApp.app */ = {isa = PBXFileReference; explicitFileType = wrapper.application; includeInIndex = 0; path = MyApp.app; sourceTree = BUILT_PRODUCTS_DIR; };
		DE0EFE351C084BEC00CBBC9C /* AppDelegate.swift */ = {isa = PBXFileReference; lastKnownFileType = sourcecode.swift; path = AppDelegate.swift; sourceTree = "<group>"; };
		DE0EFE371C084BEC00CBBC9C /* ViewController.swift */ = {isa = PBXFileReference; lastKnownFileType = sourcecode.swift; path = ViewController.swift; sourceTree = "<group>"; };
		DE0EFE3A1C084BEC00CBBC9C /* Base */ = {isa = PBXFileReference; lastKnownFileType = file.storyboard; name = Base; path = Base.lproj/Main.storyboard; sourceTree = "<group>"; };
		DE0EFE3C1C084BEC00CBBC9C /* Assets.xcassets */ = {isa = PBXFileReference; lastKnownFileType = folder.assetcatalog; path = Assets.xcassets; sourceTree = "<group>"; };
		DE0EFE3F1C084BEC00CBBC9C /* Base */ = {isa = PBXFileReference; lastKnownFileType = file.storyboard; name = Base; path = Base.lproj/LaunchScreen.storyboard; sourceTree = "<group>"; };
		DE0EFE411C084BEC00CBBC9C /* Info.plist */ = {isa = PBXFileReference; lastKnownFileType = text.plist.xml; path = Info.plist; sourceTree = "<group>"; };
		DE0EFE471C084BF900CBBC9C /* PilotPlant.framework */ = {isa = PBXFileReference; lastKnownFileType = wrapper.framework; path = PilotPlant.framework; sourceTree = "<group>"; };
/* End PBXFileReference section */

/* Begin PBXFrameworksBuildPhase section */
		DE0EFE2F1C084BEC00CBBC9C /* Frameworks */ = {
			isa = PBXFrameworksBuildPhase;
			buildActionMask = 2147483647;
			files = (
			);
			runOnlyForDeploymentPostprocessing = 0;
		};
/* End PBXFrameworksBuildPhase section */

/* Begin PBXGroup section */
		DE0EFE291C084BEC00CBBC9C = {
			isa = PBXGroup;
			children = (
				DE0EFE341C084BEC00CBBC9C /* MyApp */,
				DE0EFE331C084BEC00CBBC9C /* Products */,
			);
			sourceTree = "<group>";
		};
		DE0EFE331C084BEC00CBBC9C /* Products */ = {
			isa = PBXGroup;
			children = (
				DE0EFE321C084BEC00CBBC9C /* MyApp.app */,
			);
			name = Products;
			sourceTree = "<group>";
		};
		DE0EFE341C084BEC00CBBC9C /* MyApp */ = {
			isa = PBXGroup;
			children = (
				DE0EFE471C084BF900CBBC9C /* PilotPlant.framework */,
				DE0EFE351C084BEC00CBBC9C /* AppDelegate.swift */,
				DE0EFE371C084BEC00CBBC9C /* ViewController.swift */,
				DE0EFE391C084BEC00CBBC9C /* Main.storyboard */,
				DE0EFE3C1C084BEC00CBBC9C /* Assets.xcassets */,
				DE0EFE3E1C084BEC00CBBC9C /* LaunchScreen.storyboard */,
				DE0EFE411C084BEC00CBBC9C /* Info.plist */,
			);
			path = MyApp;
			sourceTree = "<group>";
		};
/* End PBXGroup section */

/* Begin PBXNativeTarget section */
		DE0EFE311C084BEC00CBBC9C /* MyApp */ = {
			isa = PBXNativeTarget;
			buildConfigurationList = DE0EFE441C084BEC00CBBC9C /* Build configuration list for PBXNativeTarget "MyApp" */;
			buildPhases = (
				DE0EFE2E1C084BEC00CBBC9C /* Sources */,
				DE0EFE2F1C084BEC00CBBC9C /* Frameworks */,
				DE0EFE301C084BEC00CBBC9C /* Resources */,
			);
			buildRules = (
			);
			dependencies = (
			);
			name = MyApp;
			productName = MyApp;
			productReference = DE0EFE321C084BEC00CBBC9C /* MyApp.app */;
			productType = "com.apple.product-type.application";
		};
/* End PBXNativeTarget section */

/* Begin PBXProject section */
		DE0EFE2A1C084BEC00CBBC9C /* Project object */ = {
			isa = PBXProject;
			attributes = {
				LastUpgradeCheck = 0700;
				ORGANIZATIONNAME = "Ji Un Lee";
				TargetAttributes = {
					DE0EFE311C084BEC00CBBC9C = {
						CreatedOnToolsVersion = 7.0.1;
					};
				};
			};
			buildConfigurationList = DE0EFE2D1C084BEC00CBBC9C /* Build configuration list for PBXProject "MyApp" */;
			compatibilityVersion = "Xcode 3.2";
			developmentRegion = English;
			hasScannedForEncodings = 0;
			knownRegions = (
				en,
				Base,
			);
			mainGroup = DE0EFE291C084BEC00CBBC9C;
			productRefGroup = DE0EFE331C084BEC00CBBC9C /* Products */;
			projectDirPath = "";
			projectRoot = "";
			targets = (
				DE0EFE311C084BEC00CBBC9C /* MyApp */,
			);
		};
/* End PBXProject section */

/* Begin PBXResourcesBuildPhase section */
		DE0EFE301C084BEC00CBBC9C /* Resources */ = {
			isa = PBXResourcesBuildPhase;
			buildActionMask = 2147483647;
			files = (
				DE0EFE401C084BEC00CBBC9C /* LaunchScreen.storyboard in Resources */,
				DE0EFE3D1C084BEC00CBBC9C /* Assets.xcassets in Resources */,
				DE0EFE3B1C084BEC00CBBC9C /* Main.storyboard in Resources */,
			);
			runOnlyForDeploymentPostprocessing = 0;
		};
/* End PBXResourcesBuildPhase section */

/* Begin PBXSourcesBuildPhase section */
		DE0EFE2E1C084BEC00CBBC9C /* Sources */ = {
			isa = PBXSourcesBuildPhase;
			buildActionMask = 2147483647;
			files = (
				DE0EFE381C084BEC00CBBC9C /* ViewController.swift in Sources */,
				DE0EFE361C084BEC00CBBC9C /* AppDelegate.swift in Sources */,
			);
			runOnlyForDeploymentPostprocessing = 0;
		};
/* End PBXSourcesBuildPhase section */

/* Begin PBXVariantGroup section */
		DE0EFE391C084BEC00CBBC9C /* Main.storyboard */ = {
			isa = PBXVariantGroup;
			children = (
				DE0EFE3A1C084BEC00CBBC9C /* Base */,
			);
			name = Main.storyboard;
			sourceTree = "<group>";
		};
		DE0EFE3E1C084BEC00CBBC9C /* LaunchScreen.storyboard */ = {
			isa = PBXVariantGroup;
			children = (
				DE0EFE3F1C084BEC00CBBC9C /* Base */,
			);
			name = LaunchScreen.storyboard;
			sourceTree = "<group>";
		};
/* End PBXVariantGroup section */

/* Begin XCBuildConfiguration section */
		DE0EFE421C084BEC00CBBC9C /* Debug */ = {
			isa = XCBuildConfiguration;
			buildSettings = {
				ALWAYS_SEARCH_USER_PATHS = NO;
				CLANG_CXX_LANGUAGE_STANDARD = "gnu++0x";
				CLANG_CXX_LIBRARY = "libc++";
				CLANG_ENABLE_MODULES = YES;
				CLANG_ENABLE_OBJC_ARC = YES;
				CLANG_WARN_BOOL_CONVERSION = YES;
				CLANG_WARN_CONSTANT_CONVERSION = YES;
				CLANG_WARN_DIRECT_OBJC_ISA_USAGE = YES_ERROR;
				CLANG_WARN_EMPTY_BODY = YES;
				CLANG_WARN_ENUM_CONVERSION = YES;
				CLANG_WARN_INT_CONVERSION = YES;
				CLANG_WARN_OBJC_ROOT_CLASS = YES_ERROR;
				CLANG_WARN_UNREACHABLE_CODE = YES;
				CLANG_WARN__DUPLICATE_METHOD_MATCH = YES;
				"CODE_SIGN_IDENTITY[sdk=iphoneos*]" = "iPhone Developer";
				COPY_PHASE_STRIP = NO;
				DEBUG_INFORMATION_FORMAT = dwarf;
				ENABLE_STRICT_OBJC_MSGSEND = YES;
				ENABLE_TESTABILITY = YES;
				GCC_C_LANGUAGE_STANDARD = gnu99;
				GCC_DYNAMIC_NO_PIC = NO;
				GCC_NO_COMMON_BLOCKS = YES;
				GCC_OPTIMIZATION_LEVEL = 0;
				GCC_PREPROCESSOR_DEFINITIONS = (
					"DEBUG=1",
					"$(inherited)",
				);
				GCC_WARN_64_TO_32_BIT_CONVERSION = YES;
				GCC_WARN_ABOUT_RETURN_TYPE = YES_ERROR;
				GCC_WARN_UNDECLARED_SELECTOR = YES;
				GCC_WARN_UNINITIALIZED_AUTOS = YES_AGGRESSIVE;
				GCC_WARN_UNUSED_FUNCTION = YES;
				GCC_WARN_UNUSED_VARIABLE = YES;
				IPHONEOS_DEPLOYMENT_TARGET = 9.0;
				MTL_ENABLE_DEBUG_INFO = YES;
				ONLY_ACTIVE_ARCH = YES;
				SDKROOT = iphoneos;
				SWIFT_OPTIMIZATION_LEVEL = "-Onone";
				TARGETED_DEVICE_FAMILY = "1,2";
			};
			name = Debug;
		};
		DE0EFE431C084BEC00CBBC9C /* Release */ = {
			isa = XCBuildConfiguration;
			buildSettings = {
				ALWAYS_SEARCH_USER_PATHS = NO;
				CLANG_CXX_LANGUAGE_STANDARD = "gnu++0x";
				CLANG_CXX_LIBRARY = "libc++";
				CLANG_ENABLE_MODULES = YES;
				CLANG_ENABLE_OBJC_ARC = YES;
				CLANG_WARN_BOOL_CONVERSION = YES;
				CLANG_WARN_CONSTANT_CONVERSION = YES;
				CLANG_WARN_DIRECT_OBJC_ISA_USAGE = YES_ERROR;
				CLANG_WARN_EMPTY_BODY = YES;
				CLANG_WARN_ENUM_CONVERSION = YES;
				CLANG_WARN_INT_CONVERSION = YES;
				CLANG_WARN_OBJC_ROOT_CLASS = YES_ERROR;
				CLANG_WARN_UNREACHABLE_CODE = YES;
				CLANG_WARN__DUPLICATE_METHOD_MATCH = YES;
				"CODE_SIGN_IDENTITY[sdk=iphoneos*]" = "iPhone Developer";
				COPY_PHASE_STRIP = NO;
				DEBUG_INFORMATION_FORMAT = "dwarf-with-dsym";
				ENABLE_NS_ASSERTIONS = NO;
				ENABLE_STRICT_OBJC_MSGSEND = YES;
				GCC_C_LANGUAGE_STANDARD = gnu99;
				GCC_NO_COMMON_BLOCKS = YES;
				GCC_WARN_64_TO_32_BIT_CONVERSION = YES;
				GCC_WARN_ABOUT_RETURN_TYPE = YES_ERROR;
				GCC_WARN_UNDECLARED_SELECTOR = YES;
				GCC_WARN_UNINITIALIZED_AUTOS = YES_AGGRESSIVE;
				GCC_WARN_UNUSED_FUNCTION = YES;
				GCC_WARN_UNUSED_VARIABLE = YES;
				IPHONEOS_DEPLOYMENT_TARGET = 9.0;
				MTL_ENABLE_DEBUG_INFO = NO;
				SDKROOT = iphoneos;
				TARGETED_DEVICE_FAMILY = "1,2";
				VALIDATE_PRODUCT = YES;
			};
			name = Release;
		};
		DE0EFE451C084BEC00CBBC9C /* Debug */ = {
			isa = XCBuildConfiguration;
			buildSettings = {
				ASSETCATALOG_COMPILER_APPICON_NAME = AppIcon;
				FRAMEWORK_SEARCH_PATHS = (
					"$(inherited)",
					"$(PROJECT_DIR)/MyApp",
					"\"$(SRCROOT)/../../../Common\"",
				);
				INFOPLIST_FILE = MyApp/Info.plist;
				LD_RUNPATH_SEARCH_PATHS = "$(inherited) @executable_path/Frameworks";
				PRODUCT_BUNDLE_IDENTIFIER = "-.MyApp";
				PRODUCT_NAME = "$(TARGET_NAME)";
			};
			name = Debug;
		};
		DE0EFE461C084BEC00CBBC9C /* Release */ = {
			isa = XCBuildConfiguration;
			buildSettings = {
				ASSETCATALOG_COMPILER_APPICON_NAME = AppIcon;
				FRAMEWORK_SEARCH_PATHS = (
					"$(inherited)",
					"$(PROJECT_DIR)/MyApp",
					"\"$(SRCROOT)/../../../Common\"",
				);
				INFOPLIST_FILE = MyApp/Info.plist;
				LD_RUNPATH_SEARCH_PATHS = "$(inherited) @executable_path/Frameworks";
				PRODUCT_BUNDLE_IDENTIFIER = "-.MyApp";
				PRODUCT_NAME = "$(TARGET_NAME)";
			};
			name = Release;
		};
/* End XCBuildConfiguration section */

/* Begin XCConfigurationList section */
		DE0EFE2D1C084BEC00CBBC9C /* Build configuration list for PBXProject "MyApp" */ = {
			isa = XCConfigurationList;
			buildConfigurations = (
				DE0EFE421C084BEC00CBBC9C /* Debug */,
				DE0EFE431C084BEC00CBBC9C /* Release */,
			);
			defaultConfigurationIsVisible = 0;
			defaultConfigurationName = Release;
		};
		DE0EFE441C084BEC00CBBC9C /* Build configuration list for PBXNativeTarget "MyApp" */ = {
			isa = XCConfigurationList;
			buildConfigurations = (
				DE0EFE451C084BEC00CBBC9C /* Debug */,
				DE0EFE461C084BEC00CBBC9C /* Release */,
			);
			defaultConfigurationIsVisible = 0;
		};
/* End XCConfigurationList section */
	};
	rootObject = DE0EFE2A1C084BEC00CBBC9C /* Project object */;
}
