// !$*UTF8*$!
{
	archiveVersion = 1;
	classes = {
	};
	objectVersion = 46;
	objects = {

/* Begin PBXBuildFile section */
		84B136111C1177B50066DFEB /* AppDelegate.swift in Sources */ = {isa = PBXBuildFile; fileRef = 84B136101C1177B50066DFEB /* AppDelegate.swift */; };
		84B136131C1177B50066DFEB /* ViewController.swift in Sources */ = {isa = PBXBuildFile; fileRef = 84B136121C1177B50066DFEB /* ViewController.swift */; };
		84B136161C1177B50066DFEB /* Main.storyboard in Resources */ = {isa = PBXBuildFile; fileRef = 84B136141C1177B50066DFEB /* Main.storyboard */; };
		84B136181C1177B50066DFEB /* Assets.xcassets in Resources */ = {isa = PBXBuildFile; fileRef = 84B136171C1177B50066DFEB /* Assets.xcassets */; };
		84B1361B1C1177B50066DFEB /* LaunchScreen.storyboard in Resources */ = {isa = PBXBuildFile; fileRef = 84B136191C1177B50066DFEB /* LaunchScreen.storyboard */; };
		84B136251C1177E40066DFEB /* UIViewController+Navigation.swift in Sources */ = {isa = PBXBuildFile; fileRef = 84B136241C1177E40066DFEB /* UIViewController+Navigation.swift */; };
		84B1362A1C117A970066DFEB /* PilotPlant.framework in Frameworks */ = {isa = PBXBuildFile; fileRef = 84B136291C117A970066DFEB /* PilotPlant.framework */; };
		84B1362B1C117AB80066DFEB /* PilotPlant.framework in Frameworks */ = {isa = PBXBuildFile; fileRef = 84B136291C117A970066DFEB /* PilotPlant.framework */; };
		84B1362C1C117AB80066DFEB /* PilotPlant.framework in Embed Frameworks */ = {isa = PBXBuildFile; fileRef = 84B136291C117A970066DFEB /* PilotPlant.framework */; settings = {ATTRIBUTES = (CodeSignOnCopy, RemoveHeadersOnCopy, ); }; };
/* End PBXBuildFile section */

/* Begin PBXCopyFilesBuildPhase section */
		84B136281C1177F20066DFEB /* Embed Frameworks */ = {
			isa = PBXCopyFilesBuildPhase;
			buildActionMask = 2147483647;
			dstPath = "";
			dstSubfolderSpec = 10;
			files = (
				84B1362C1C117AB80066DFEB /* PilotPlant.framework in Embed Frameworks */,
			);
			name = "Embed Frameworks";
			runOnlyForDeploymentPostprocessing = 0;
		};
/* End PBXCopyFilesBuildPhase section */

/* Begin PBXFileReference section */
		84B1360D1C1177B50066DFEB /* GentleWeather.app */ = {isa = PBXFileReference; explicitFileType = wrapper.application; includeInIndex = 0; path = GentleWeather.app; sourceTree = BUILT_PRODUCTS_DIR; };
		84B136101C1177B50066DFEB /* AppDelegate.swift */ = {isa = PBXFileReference; lastKnownFileType = sourcecode.swift; path = AppDelegate.swift; sourceTree = "<group>"; };
		84B136121C1177B50066DFEB /* ViewController.swift */ = {isa = PBXFileReference; lastKnownFileType = sourcecode.swift; path = ViewController.swift; sourceTree = "<group>"; };
		84B136151C1177B50066DFEB /* Base */ = {isa = PBXFileReference; lastKnownFileType = file.storyboard; name = Base; path = Base.lproj/Main.storyboard; sourceTree = "<group>"; };
		84B136171C1177B50066DFEB /* Assets.xcassets */ = {isa = PBXFileReference; lastKnownFileType = folder.assetcatalog; path = Assets.xcassets; sourceTree = "<group>"; };
		84B1361A1C1177B50066DFEB /* Base */ = {isa = PBXFileReference; lastKnownFileType = file.storyboard; name = Base; path = Base.lproj/LaunchScreen.storyboard; sourceTree = "<group>"; };
		84B1361C1C1177B50066DFEB /* Info.plist */ = {isa = PBXFileReference; lastKnownFileType = text.plist.xml; path = Info.plist; sourceTree = "<group>"; };
		84B136241C1177E40066DFEB /* UIViewController+Navigation.swift */ = {isa = PBXFileReference; fileEncoding = 4; lastKnownFileType = sourcecode.swift; path = "UIViewController+Navigation.swift"; sourceTree = "<group>"; };
		84B136291C117A970066DFEB /* PilotPlant.framework */ = {isa = PBXFileReference; lastKnownFileType = wrapper.framework; path = PilotPlant.framework; sourceTree = "<group>"; };
/* End PBXFileReference section */

/* Begin PBXFrameworksBuildPhase section */
		84B1360A1C1177B50066DFEB /* Frameworks */ = {
			isa = PBXFrameworksBuildPhase;
			buildActionMask = 2147483647;
			files = (
				84B1362A1C117A970066DFEB /* PilotPlant.framework in Frameworks */,
				84B1362B1C117AB80066DFEB /* PilotPlant.framework in Frameworks */,
			);
			runOnlyForDeploymentPostprocessing = 0;
		};
/* End PBXFrameworksBuildPhase section */

/* Begin PBXGroup section */
		84B136041C1177B50066DFEB = {
			isa = PBXGroup;
			children = (
				84B136291C117A970066DFEB /* PilotPlant.framework */,
				84B1360F1C1177B50066DFEB /* GentleWeather */,
				84B1360E1C1177B50066DFEB /* Products */,
			);
			sourceTree = "<group>";
		};
		84B1360E1C1177B50066DFEB /* Products */ = {
			isa = PBXGroup;
			children = (
				84B1360D1C1177B50066DFEB /* GentleWeather.app */,
			);
			name = Products;
			sourceTree = "<group>";
		};
		84B1360F1C1177B50066DFEB /* GentleWeather */ = {
			isa = PBXGroup;
			children = (
				84B136241C1177E40066DFEB /* UIViewController+Navigation.swift */,
				84B136101C1177B50066DFEB /* AppDelegate.swift */,
				84B136121C1177B50066DFEB /* ViewController.swift */,
				84B136141C1177B50066DFEB /* Main.storyboard */,
				84B136171C1177B50066DFEB /* Assets.xcassets */,
				84B136191C1177B50066DFEB /* LaunchScreen.storyboard */,
				84B1361C1C1177B50066DFEB /* Info.plist */,
			);
			path = GentleWeather;
			sourceTree = "<group>";
		};
/* End PBXGroup section */

/* Begin PBXNativeTarget section */
		84B1360C1C1177B50066DFEB /* GentleWeather */ = {
			isa = PBXNativeTarget;
			buildConfigurationList = 84B1361F1C1177B50066DFEB /* Build configuration list for PBXNativeTarget "GentleWeather" */;
			buildPhases = (
				84B136091C1177B50066DFEB /* Sources */,
				84B1360A1C1177B50066DFEB /* Frameworks */,
				84B1360B1C1177B50066DFEB /* Resources */,
				84B136281C1177F20066DFEB /* Embed Frameworks */,
			);
			buildRules = (
			);
			dependencies = (
			);
			name = GentleWeather;
			productName = GentleWeather;
			productReference = 84B1360D1C1177B50066DFEB /* GentleWeather.app */;
			productType = "com.apple.product-type.application";
		};
/* End PBXNativeTarget section */

/* Begin PBXProject section */
		84B136051C1177B50066DFEB /* Project object */ = {
			isa = PBXProject;
			attributes = {
				LastSwiftUpdateCheck = 0710;
				LastUpgradeCheck = 0710;
				ORGANIZATIONNAME = "Yein Jo";
				TargetAttributes = {
					84B1360C1C1177B50066DFEB = {
						CreatedOnToolsVersion = 7.1.1;
						DevelopmentTeam = H8A4VUCFK3;
					};
				};
			};
			buildConfigurationList = 84B136081C1177B50066DFEB /* Build configuration list for PBXProject "GentleWeather" */;
			compatibilityVersion = "Xcode 3.2";
			developmentRegion = English;
			hasScannedForEncodings = 0;
			knownRegions = (
				en,
				Base,
			);
			mainGroup = 84B136041C1177B50066DFEB;
			productRefGroup = 84B1360E1C1177B50066DFEB /* Products */;
			projectDirPath = "";
			projectRoot = "";
			targets = (
				84B1360C1C1177B50066DFEB /* GentleWeather */,
			);
		};
/* End PBXProject section */

/* Begin PBXResourcesBuildPhase section */
		84B1360B1C1177B50066DFEB /* Resources */ = {
			isa = PBXResourcesBuildPhase;
			buildActionMask = 2147483647;
			files = (
				84B1361B1C1177B50066DFEB /* LaunchScreen.storyboard in Resources */,
				84B136181C1177B50066DFEB /* Assets.xcassets in Resources */,
				84B136161C1177B50066DFEB /* Main.storyboard in Resources */,
			);
			runOnlyForDeploymentPostprocessing = 0;
		};
/* End PBXResourcesBuildPhase section */

/* Begin PBXSourcesBuildPhase section */
		84B136091C1177B50066DFEB /* Sources */ = {
			isa = PBXSourcesBuildPhase;
			buildActionMask = 2147483647;
			files = (
				84B136251C1177E40066DFEB /* UIViewController+Navigation.swift in Sources */,
				84B136131C1177B50066DFEB /* ViewController.swift in Sources */,
				84B136111C1177B50066DFEB /* AppDelegate.swift in Sources */,
			);
			runOnlyForDeploymentPostprocessing = 0;
		};
/* End PBXSourcesBuildPhase section */

/* Begin PBXVariantGroup section */
		84B136141C1177B50066DFEB /* Main.storyboard */ = {
			isa = PBXVariantGroup;
			children = (
				84B136151C1177B50066DFEB /* Base */,
			);
			name = Main.storyboard;
			sourceTree = "<group>";
		};
		84B136191C1177B50066DFEB /* LaunchScreen.storyboard */ = {
			isa = PBXVariantGroup;
			children = (
				84B1361A1C1177B50066DFEB /* Base */,
			);
			name = LaunchScreen.storyboard;
			sourceTree = "<group>";
		};
/* End PBXVariantGroup section */

/* Begin XCBuildConfiguration section */
		84B1361D1C1177B50066DFEB /* Debug */ = {
			isa = XCBuildConfiguration;
			buildSettings = {
				ALWAYS_SEARCH_USER_PATHS = NO;
				CLANG_CXX_LANGUAGE_STANDARD = "gnu++0x";
				CLANG_CXX_LIBRARY = "libc++";
				CLANG_ENABLE_MODULES = YES;
				CLANG_ENABLE_OBJC_ARC = YES;
				CLANG_WARN_BOOL_CONVERSION = YES;
				CLANG_WARN_CONSTANT_CONVERSION = YES;
				CLANG_WARN_DIRECT_OBJC_ISA_USAGE = YES_ERROR;
				CLANG_WARN_EMPTY_BODY = YES;
				CLANG_WARN_ENUM_CONVERSION = YES;
				CLANG_WARN_INT_CONVERSION = YES;
				CLANG_WARN_OBJC_ROOT_CLASS = YES_ERROR;
				CLANG_WARN_UNREACHABLE_CODE = YES;
				CLANG_WARN__DUPLICATE_METHOD_MATCH = YES;
				"CODE_SIGN_IDENTITY[sdk=iphoneos*]" = "iPhone Developer";
				COPY_PHASE_STRIP = NO;
				DEBUG_INFORMATION_FORMAT = dwarf;
				ENABLE_STRICT_OBJC_MSGSEND = YES;
				ENABLE_TESTABILITY = YES;
				GCC_C_LANGUAGE_STANDARD = gnu99;
				GCC_DYNAMIC_NO_PIC = NO;
				GCC_NO_COMMON_BLOCKS = YES;
				GCC_OPTIMIZATION_LEVEL = 0;
				GCC_PREPROCESSOR_DEFINITIONS = (
					"DEBUG=1",
					"$(inherited)",
				);
				GCC_WARN_64_TO_32_BIT_CONVERSION = YES;
				GCC_WARN_ABOUT_RETURN_TYPE = YES_ERROR;
				GCC_WARN_UNDECLARED_SELECTOR = YES;
				GCC_WARN_UNINITIALIZED_AUTOS = YES_AGGRESSIVE;
				GCC_WARN_UNUSED_FUNCTION = YES;
				GCC_WARN_UNUSED_VARIABLE = YES;
				IPHONEOS_DEPLOYMENT_TARGET = 9.1;
				MTL_ENABLE_DEBUG_INFO = YES;
				ONLY_ACTIVE_ARCH = YES;
				SDKROOT = iphoneos;
				SWIFT_OPTIMIZATION_LEVEL = "-Onone";
				TARGETED_DEVICE_FAMILY = "1,2";
			};
			name = Debug;
		};
		84B1361E1C1177B50066DFEB /* Release */ = {
			isa = XCBuildConfiguration;
			buildSettings = {
				ALWAYS_SEARCH_USER_PATHS = NO;
				CLANG_CXX_LANGUAGE_STANDARD = "gnu++0x";
				CLANG_CXX_LIBRARY = "libc++";
				CLANG_ENABLE_MODULES = YES;
				CLANG_ENABLE_OBJC_ARC = YES;
				CLANG_WARN_BOOL_CONVERSION = YES;
				CLANG_WARN_CONSTANT_CONVERSION = YES;
				CLANG_WARN_DIRECT_OBJC_ISA_USAGE = YES_ERROR;
				CLANG_WARN_EMPTY_BODY = YES;
				CLANG_WARN_ENUM_CONVERSION = YES;
				CLANG_WARN_INT_CONVERSION = YES;
				CLANG_WARN_OBJC_ROOT_CLASS = YES_ERROR;
				CLANG_WARN_UNREACHABLE_CODE = YES;
				CLANG_WARN__DUPLICATE_METHOD_MATCH = YES;
				"CODE_SIGN_IDENTITY[sdk=iphoneos*]" = "iPhone Developer";
				COPY_PHASE_STRIP = NO;
				DEBUG_INFORMATION_FORMAT = "dwarf-with-dsym";
				ENABLE_NS_ASSERTIONS = NO;
				ENABLE_STRICT_OBJC_MSGSEND = YES;
				GCC_C_LANGUAGE_STANDARD = gnu99;
				GCC_NO_COMMON_BLOCKS = YES;
				GCC_WARN_64_TO_32_BIT_CONVERSION = YES;
				GCC_WARN_ABOUT_RETURN_TYPE = YES_ERROR;
				GCC_WARN_UNDECLARED_SELECTOR = YES;
				GCC_WARN_UNINITIALIZED_AUTOS = YES_AGGRESSIVE;
				GCC_WARN_UNUSED_FUNCTION = YES;
				GCC_WARN_UNUSED_VARIABLE = YES;
				IPHONEOS_DEPLOYMENT_TARGET = 9.1;
				MTL_ENABLE_DEBUG_INFO = NO;
				SDKROOT = iphoneos;
				TARGETED_DEVICE_FAMILY = "1,2";
				VALIDATE_PRODUCT = YES;
			};
			name = Release;
		};
		84B136201C1177B50066DFEB /* Debug */ = {
			isa = XCBuildConfiguration;
			buildSettings = {
				ASSETCATALOG_COMPILER_APPICON_NAME = AppIcon;
				FRAMEWORK_SEARCH_PATHS = (
					"$(inherited)",
					"$(PROJECT_DIR)",
				);
				INFOPLIST_FILE = GentleWeather/Info.plist;
				LD_RUNPATH_SEARCH_PATHS = "$(inherited) @executable_path/Frameworks";
				PRODUCT_BUNDLE_IDENTIFIER = jojo.GentleWeather;
				PRODUCT_NAME = "$(TARGET_NAME)";
			};
			name = Debug;
		};
		84B136211C1177B50066DFEB /* Release */ = {
			isa = XCBuildConfiguration;
			buildSettings = {
				ASSETCATALOG_COMPILER_APPICON_NAME = AppIcon;
				FRAMEWORK_SEARCH_PATHS = (
					"$(inherited)",
					"$(PROJECT_DIR)",
				);
				INFOPLIST_FILE = GentleWeather/Info.plist;
				LD_RUNPATH_SEARCH_PATHS = "$(inherited) @executable_path/Frameworks";
				PRODUCT_BUNDLE_IDENTIFIER = jojo.GentleWeather;
				PRODUCT_NAME = "$(TARGET_NAME)";
			};
			name = Release;
		};
/* End XCBuildConfiguration section */

/* Begin XCConfigurationList section */
		84B136081C1177B50066DFEB /* Build configuration list for PBXProject "GentleWeather" */ = {
			isa = XCConfigurationList;
			buildConfigurations = (
				84B1361D1C1177B50066DFEB /* Debug */,
				84B1361E1C1177B50066DFEB /* Release */,
			);
			defaultConfigurationIsVisible = 0;
			defaultConfigurationName = Release;
		};
		84B1361F1C1177B50066DFEB /* Build configuration list for PBXNativeTarget "GentleWeather" */ = {
			isa = XCConfigurationList;
			buildConfigurations = (
				84B136201C1177B50066DFEB /* Debug */,
				84B136211C1177B50066DFEB /* Release */,
			);
			defaultConfigurationIsVisible = 0;
		};
/* End XCConfigurationList section */
	};
	rootObject = 84B136051C1177B50066DFEB /* Project object */;
}
