// !$*UTF8*$!
{
	archiveVersion = 1;
	classes = {
	};
	objectVersion = 46;
	objects = {

/* Begin PBXBuildFile section */
		848FADCC1BFEFD9A00BCDD9E /* AppDelegate.swift in Sources */ = {isa = PBXBuildFile; fileRef = 848FADCB1BFEFD9A00BCDD9E /* AppDelegate.swift */; };
		848FADCE1BFEFD9A00BCDD9E /* ViewController.swift in Sources */ = {isa = PBXBuildFile; fileRef = 848FADCD1BFEFD9A00BCDD9E /* ViewController.swift */; };
		848FADD11BFEFD9A00BCDD9E /* Main.storyboard in Resources */ = {isa = PBXBuildFile; fileRef = 848FADCF1BFEFD9A00BCDD9E /* Main.storyboard */; };
		848FADD31BFEFD9A00BCDD9E /* Assets.xcassets in Resources */ = {isa = PBXBuildFile; fileRef = 848FADD21BFEFD9A00BCDD9E /* Assets.xcassets */; };
		848FADD61BFEFD9A00BCDD9E /* LaunchScreen.storyboard in Resources */ = {isa = PBXBuildFile; fileRef = 848FADD41BFEFD9A00BCDD9E /* LaunchScreen.storyboard */; };
		848FADDE1BFF083100BCDD9E /* UIViewController+Navigation.swift in Sources */ = {isa = PBXBuildFile; fileRef = 848FADDD1BFF083100BCDD9E /* UIViewController+Navigation.swift */; };
/* End PBXBuildFile section */

/* Begin PBXFileReference section */
		848FADC81BFEFD9A00BCDD9E /* dadailksoSketch.app */ = {isa = PBXFileReference; explicitFileType = wrapper.application; includeInIndex = 0; path = dadailksoSketch.app; sourceTree = BUILT_PRODUCTS_DIR; };
		848FADCB1BFEFD9A00BCDD9E /* AppDelegate.swift */ = {isa = PBXFileReference; lastKnownFileType = sourcecode.swift; path = AppDelegate.swift; sourceTree = "<group>"; };
		848FADCD1BFEFD9A00BCDD9E /* ViewController.swift */ = {isa = PBXFileReference; lastKnownFileType = sourcecode.swift; path = ViewController.swift; sourceTree = "<group>"; };
		848FADD01BFEFD9A00BCDD9E /* Base */ = {isa = PBXFileReference; lastKnownFileType = file.storyboard; name = Base; path = Base.lproj/Main.storyboard; sourceTree = "<group>"; };
		848FADD21BFEFD9A00BCDD9E /* Assets.xcassets */ = {isa = PBXFileReference; lastKnownFileType = folder.assetcatalog; path = Assets.xcassets; sourceTree = "<group>"; };
		848FADD51BFEFD9A00BCDD9E /* Base */ = {isa = PBXFileReference; lastKnownFileType = file.storyboard; name = Base; path = Base.lproj/LaunchScreen.storyboard; sourceTree = "<group>"; };
		848FADD71BFEFD9A00BCDD9E /* Info.plist */ = {isa = PBXFileReference; lastKnownFileType = text.plist.xml; path = Info.plist; sourceTree = "<group>"; };
		848FADDD1BFF083100BCDD9E /* UIViewController+Navigation.swift */ = {isa = PBXFileReference; fileEncoding = 4; lastKnownFileType = sourcecode.swift; path = "UIViewController+Navigation.swift"; sourceTree = "<group>"; };
/* End PBXFileReference section */

/* Begin PBXFrameworksBuildPhase section */
		848FADC51BFEFD9A00BCDD9E /* Frameworks */ = {
			isa = PBXFrameworksBuildPhase;
			buildActionMask = 2147483647;
			files = (
			);
			runOnlyForDeploymentPostprocessing = 0;
		};
/* End PBXFrameworksBuildPhase section */

/* Begin PBXGroup section */
		848FADBF1BFEFD9A00BCDD9E = {
			isa = PBXGroup;
			children = (
				848FADCA1BFEFD9A00BCDD9E /* dadailksoSketch */,
				848FADC91BFEFD9A00BCDD9E /* Products */,
			);
			sourceTree = "<group>";
		};
		848FADC91BFEFD9A00BCDD9E /* Products */ = {
			isa = PBXGroup;
			children = (
				848FADC81BFEFD9A00BCDD9E /* dadailksoSketch.app */,
			);
			name = Products;
			sourceTree = "<group>";
		};
		848FADCA1BFEFD9A00BCDD9E /* dadailksoSketch */ = {
			isa = PBXGroup;
			children = (
				848FADCB1BFEFD9A00BCDD9E /* AppDelegate.swift */,
				848FADCD1BFEFD9A00BCDD9E /* ViewController.swift */,
				848FADCF1BFEFD9A00BCDD9E /* Main.storyboard */,
				848FADDD1BFF083100BCDD9E /* UIViewController+Navigation.swift */,
				848FADD21BFEFD9A00BCDD9E /* Assets.xcassets */,
				848FADD41BFEFD9A00BCDD9E /* LaunchScreen.storyboard */,
				848FADD71BFEFD9A00BCDD9E /* Info.plist */,
			);
			path = dadailksoSketch;
			sourceTree = "<group>";
		};
/* End PBXGroup section */

/* Begin PBXNativeTarget section */
		848FADC71BFEFD9A00BCDD9E /* dadailksoSketch */ = {
			isa = PBXNativeTarget;
			buildConfigurationList = 848FADDA1BFEFD9A00BCDD9E /* Build configuration list for PBXNativeTarget "dadailksoSketch" */;
			buildPhases = (
				848FADC41BFEFD9A00BCDD9E /* Sources */,
				848FADC51BFEFD9A00BCDD9E /* Frameworks */,
				848FADC61BFEFD9A00BCDD9E /* Resources */,
			);
			buildRules = (
			);
			dependencies = (
			);
			name = dadailksoSketch;
			productName = dadailksoSketch;
			productReference = 848FADC81BFEFD9A00BCDD9E /* dadailksoSketch.app */;
			productType = "com.apple.product-type.application";
		};
/* End PBXNativeTarget section */

/* Begin PBXProject section */
		848FADC01BFEFD9A00BCDD9E /* Project object */ = {
			isa = PBXProject;
			attributes = {
				LastSwiftUpdateCheck = 0710;
				LastUpgradeCheck = 0710;
				ORGANIZATIONNAME = "Yein Jo";
				TargetAttributes = {
					848FADC71BFEFD9A00BCDD9E = {
						CreatedOnToolsVersion = 7.1.1;
						DevelopmentTeam = H8A4VUCFK3;
					};
				};
			};
			buildConfigurationList = 848FADC31BFEFD9A00BCDD9E /* Build configuration list for PBXProject "dadailksoSketch" */;
			compatibilityVersion = "Xcode 3.2";
			developmentRegion = English;
			hasScannedForEncodings = 0;
			knownRegions = (
				en,
				Base,
			);
			mainGroup = 848FADBF1BFEFD9A00BCDD9E;
			productRefGroup = 848FADC91BFEFD9A00BCDD9E /* Products */;
			projectDirPath = "";
			projectRoot = "";
			targets = (
				848FADC71BFEFD9A00BCDD9E /* dadailksoSketch */,
			);
		};
/* End PBXProject section */

/* Begin PBXResourcesBuildPhase section */
		848FADC61BFEFD9A00BCDD9E /* Resources */ = {
			isa = PBXResourcesBuildPhase;
			buildActionMask = 2147483647;
			files = (
				848FADD61BFEFD9A00BCDD9E /* LaunchScreen.storyboard in Resources */,
				848FADD31BFEFD9A00BCDD9E /* Assets.xcassets in Resources */,
				848FADD11BFEFD9A00BCDD9E /* Main.storyboard in Resources */,
			);
			runOnlyForDeploymentPostprocessing = 0;
		};
/* End PBXResourcesBuildPhase section */

/* Begin PBXSourcesBuildPhase section */
		848FADC41BFEFD9A00BCDD9E /* Sources */ = {
			isa = PBXSourcesBuildPhase;
			buildActionMask = 2147483647;
			files = (
				848FADDE1BFF083100BCDD9E /* UIViewController+Navigation.swift in Sources */,
				848FADCE1BFEFD9A00BCDD9E /* ViewController.swift in Sources */,
				848FADCC1BFEFD9A00BCDD9E /* AppDelegate.swift in Sources */,
			);
			runOnlyForDeploymentPostprocessing = 0;
		};
/* End PBXSourcesBuildPhase section */

/* Begin PBXVariantGroup section */
		848FADCF1BFEFD9A00BCDD9E /* Main.storyboard */ = {
			isa = PBXVariantGroup;
			children = (
				848FADD01BFEFD9A00BCDD9E /* Base */,
			);
			name = Main.storyboard;
			sourceTree = "<group>";
		};
		848FADD41BFEFD9A00BCDD9E /* LaunchScreen.storyboard */ = {
			isa = PBXVariantGroup;
			children = (
				848FADD51BFEFD9A00BCDD9E /* Base */,
			);
			name = LaunchScreen.storyboard;
			sourceTree = "<group>";
		};
/* End PBXVariantGroup section */

/* Begin XCBuildConfiguration section */
		848FADD81BFEFD9A00BCDD9E /* Debug */ = {
			isa = XCBuildConfiguration;
			buildSettings = {
				ALWAYS_SEARCH_USER_PATHS = NO;
				CLANG_CXX_LANGUAGE_STANDARD = "gnu++0x";
				CLANG_CXX_LIBRARY = "libc++";
				CLANG_ENABLE_MODULES = YES;
				CLANG_ENABLE_OBJC_ARC = YES;
				CLANG_WARN_BOOL_CONVERSION = YES;
				CLANG_WARN_CONSTANT_CONVERSION = YES;
				CLANG_WARN_DIRECT_OBJC_ISA_USAGE = YES_ERROR;
				CLANG_WARN_EMPTY_BODY = YES;
				CLANG_WARN_ENUM_CONVERSION = YES;
				CLANG_WARN_INT_CONVERSION = YES;
				CLANG_WARN_OBJC_ROOT_CLASS = YES_ERROR;
				CLANG_WARN_UNREACHABLE_CODE = YES;
				CLANG_WARN__DUPLICATE_METHOD_MATCH = YES;
				"CODE_SIGN_IDENTITY[sdk=iphoneos*]" = "iPhone Developer";
				COPY_PHASE_STRIP = NO;
				DEBUG_INFORMATION_FORMAT = dwarf;
				ENABLE_STRICT_OBJC_MSGSEND = YES;
				ENABLE_TESTABILITY = YES;
				GCC_C_LANGUAGE_STANDARD = gnu99;
				GCC_DYNAMIC_NO_PIC = NO;
				GCC_NO_COMMON_BLOCKS = YES;
				GCC_OPTIMIZATION_LEVEL = 0;
				GCC_PREPROCESSOR_DEFINITIONS = (
					"DEBUG=1",
					"$(inherited)",
				);
				GCC_WARN_64_TO_32_BIT_CONVERSION = YES;
				GCC_WARN_ABOUT_RETURN_TYPE = YES_ERROR;
				GCC_WARN_UNDECLARED_SELECTOR = YES;
				GCC_WARN_UNINITIALIZED_AUTOS = YES_AGGRESSIVE;
				GCC_WARN_UNUSED_FUNCTION = YES;
				GCC_WARN_UNUSED_VARIABLE = YES;
				IPHONEOS_DEPLOYMENT_TARGET = 9.1;
				MTL_ENABLE_DEBUG_INFO = YES;
				ONLY_ACTIVE_ARCH = YES;
				SDKROOT = iphoneos;
				SWIFT_OPTIMIZATION_LEVEL = "-Onone";
				TARGETED_DEVICE_FAMILY = "1,2";
			};
			name = Debug;
		};
		848FADD91BFEFD9A00BCDD9E /* Release */ = {
			isa = XCBuildConfiguration;
			buildSettings = {
				ALWAYS_SEARCH_USER_PATHS = NO;
				CLANG_CXX_LANGUAGE_STANDARD = "gnu++0x";
				CLANG_CXX_LIBRARY = "libc++";
				CLANG_ENABLE_MODULES = YES;
				CLANG_ENABLE_OBJC_ARC = YES;
				CLANG_WARN_BOOL_CONVERSION = YES;
				CLANG_WARN_CONSTANT_CONVERSION = YES;
				CLANG_WARN_DIRECT_OBJC_ISA_USAGE = YES_ERROR;
				CLANG_WARN_EMPTY_BODY = YES;
				CLANG_WARN_ENUM_CONVERSION = YES;
				CLANG_WARN_INT_CONVERSION = YES;
				CLANG_WARN_OBJC_ROOT_CLASS = YES_ERROR;
				CLANG_WARN_UNREACHABLE_CODE = YES;
				CLANG_WARN__DUPLICATE_METHOD_MATCH = YES;
				"CODE_SIGN_IDENTITY[sdk=iphoneos*]" = "iPhone Developer";
				COPY_PHASE_STRIP = NO;
				DEBUG_INFORMATION_FORMAT = "dwarf-with-dsym";
				ENABLE_NS_ASSERTIONS = NO;
				ENABLE_STRICT_OBJC_MSGSEND = YES;
				GCC_C_LANGUAGE_STANDARD = gnu99;
				GCC_NO_COMMON_BLOCKS = YES;
				GCC_WARN_64_TO_32_BIT_CONVERSION = YES;
				GCC_WARN_ABOUT_RETURN_TYPE = YES_ERROR;
				GCC_WARN_UNDECLARED_SELECTOR = YES;
				GCC_WARN_UNINITIALIZED_AUTOS = YES_AGGRESSIVE;
				GCC_WARN_UNUSED_FUNCTION = YES;
				GCC_WARN_UNUSED_VARIABLE = YES;
				IPHONEOS_DEPLOYMENT_TARGET = 9.1;
				MTL_ENABLE_DEBUG_INFO = NO;
				SDKROOT = iphoneos;
				TARGETED_DEVICE_FAMILY = "1,2";
				VALIDATE_PRODUCT = YES;
			};
			name = Release;
		};
		848FADDB1BFEFD9A00BCDD9E /* Debug */ = {
			isa = XCBuildConfiguration;
			buildSettings = {
				ASSETCATALOG_COMPILER_APPICON_NAME = AppIcon;
				INFOPLIST_FILE = dadailksoSketch/Info.plist;
				LD_RUNPATH_SEARCH_PATHS = "$(inherited) @executable_path/Frameworks";
				PRODUCT_BUNDLE_IDENTIFIER = jojo.dadailksoSketch;
				PRODUCT_NAME = "$(TARGET_NAME)";
			};
			name = Debug;
		};
		848FADDC1BFEFD9A00BCDD9E /* Release */ = {
			isa = XCBuildConfiguration;
			buildSettings = {
				ASSETCATALOG_COMPILER_APPICON_NAME = AppIcon;
				INFOPLIST_FILE = dadailksoSketch/Info.plist;
				LD_RUNPATH_SEARCH_PATHS = "$(inherited) @executable_path/Frameworks";
				PRODUCT_BUNDLE_IDENTIFIER = jojo.dadailksoSketch;
				PRODUCT_NAME = "$(TARGET_NAME)";
			};
			name = Release;
		};
/* End XCBuildConfiguration section */

/* Begin XCConfigurationList section */
		848FADC31BFEFD9A00BCDD9E /* Build configuration list for PBXProject "dadailksoSketch" */ = {
			isa = XCConfigurationList;
			buildConfigurations = (
				848FADD81BFEFD9A00BCDD9E /* Debug */,
				848FADD91BFEFD9A00BCDD9E /* Release */,
			);
			defaultConfigurationIsVisible = 0;
			defaultConfigurationName = Release;
		};
		848FADDA1BFEFD9A00BCDD9E /* Build configuration list for PBXNativeTarget "dadailksoSketch" */ = {
			isa = XCConfigurationList;
			buildConfigurations = (
				848FADDB1BFEFD9A00BCDD9E /* Debug */,
				848FADDC1BFEFD9A00BCDD9E /* Release */,
			);
			defaultConfigurationIsVisible = 0;
		};
/* End XCConfigurationList section */
	};
	rootObject = 848FADC01BFEFD9A00BCDD9E /* Project object */;
}
