// !$*UTF8*$!
{
	archiveVersion = 1;
	classes = {
	};
	objectVersion = 46;
	objects = {

/* Begin PBXBuildFile section */
		BA33B0811C07391C00F7C587 /* AppDelegate.swift in Sources */ = {isa = PBXBuildFile; fileRef = BA33B0801C07391C00F7C587 /* AppDelegate.swift */; };
		BA33B0831C07391C00F7C587 /* ViewController.swift in Sources */ = {isa = PBXBuildFile; fileRef = BA33B0821C07391C00F7C587 /* ViewController.swift */; };
		BA33B0861C07391C00F7C587 /* Main.storyboard in Resources */ = {isa = PBXBuildFile; fileRef = BA33B0841C07391C00F7C587 /* Main.storyboard */; };
		BA33B0881C07391C00F7C587 /* Assets.xcassets in Resources */ = {isa = PBXBuildFile; fileRef = BA33B0871C07391C00F7C587 /* Assets.xcassets */; };
		BA33B08B1C07391C00F7C587 /* LaunchScreen.storyboard in Resources */ = {isa = PBXBuildFile; fileRef = BA33B0891C07391C00F7C587 /* LaunchScreen.storyboard */; };
/* End PBXBuildFile section */

/* Begin PBXFileReference section */
		BA33B07D1C07391C00F7C587 /* Aspace.app */ = {isa = PBXFileReference; explicitFileType = wrapper.application; includeInIndex = 0; path = Aspace.app; sourceTree = BUILT_PRODUCTS_DIR; };
		BA33B0801C07391C00F7C587 /* AppDelegate.swift */ = {isa = PBXFileReference; lastKnownFileType = sourcecode.swift; path = AppDelegate.swift; sourceTree = "<group>"; };
		BA33B0821C07391C00F7C587 /* ViewController.swift */ = {isa = PBXFileReference; lastKnownFileType = sourcecode.swift; path = ViewController.swift; sourceTree = "<group>"; };
		BA33B0851C07391C00F7C587 /* Base */ = {isa = PBXFileReference; lastKnownFileType = file.storyboard; name = Base; path = Base.lproj/Main.storyboard; sourceTree = "<group>"; };
		BA33B0871C07391C00F7C587 /* Assets.xcassets */ = {isa = PBXFileReference; lastKnownFileType = folder.assetcatalog; path = Assets.xcassets; sourceTree = "<group>"; };
		BA33B08A1C07391C00F7C587 /* Base */ = {isa = PBXFileReference; lastKnownFileType = file.storyboard; name = Base; path = Base.lproj/LaunchScreen.storyboard; sourceTree = "<group>"; };
		BA33B08C1C07391C00F7C587 /* Info.plist */ = {isa = PBXFileReference; lastKnownFileType = text.plist.xml; path = Info.plist; sourceTree = "<group>"; };
/* End PBXFileReference section */

/* Begin PBXFrameworksBuildPhase section */
		BA33B07A1C07391C00F7C587 /* Frameworks */ = {
			isa = PBXFrameworksBuildPhase;
			buildActionMask = 2147483647;
			files = (
			);
			runOnlyForDeploymentPostprocessing = 0;
		};
/* End PBXFrameworksBuildPhase section */

/* Begin PBXGroup section */
		BA33B0741C07391B00F7C587 = {
			isa = PBXGroup;
			children = (
				BA33B07F1C07391C00F7C587 /* Aspace */,
				BA33B07E1C07391C00F7C587 /* Products */,
			);
			sourceTree = "<group>";
		};
		BA33B07E1C07391C00F7C587 /* Products */ = {
			isa = PBXGroup;
			children = (
				BA33B07D1C07391C00F7C587 /* Aspace.app */,
			);
			name = Products;
			sourceTree = "<group>";
		};
		BA33B07F1C07391C00F7C587 /* Aspace */ = {
			isa = PBXGroup;
			children = (
				BA33B0801C07391C00F7C587 /* AppDelegate.swift */,
				BA33B0821C07391C00F7C587 /* ViewController.swift */,
				BA33B0841C07391C00F7C587 /* Main.storyboard */,
				BA33B0871C07391C00F7C587 /* Assets.xcassets */,
				BA33B0891C07391C00F7C587 /* LaunchScreen.storyboard */,
				BA33B08C1C07391C00F7C587 /* Info.plist */,
			);
			path = Aspace;
			sourceTree = "<group>";
		};
/* End PBXGroup section */

/* Begin PBXNativeTarget section */
		BA33B07C1C07391C00F7C587 /* Aspace */ = {
			isa = PBXNativeTarget;
			buildConfigurationList = BA33B08F1C07391C00F7C587 /* Build configuration list for PBXNativeTarget "Aspace" */;
			buildPhases = (
				BA33B0791C07391C00F7C587 /* Sources */,
				BA33B07A1C07391C00F7C587 /* Frameworks */,
				BA33B07B1C07391C00F7C587 /* Resources */,
			);
			buildRules = (
			);
			dependencies = (
			);
			name = Aspace;
			productName = Aspace;
			productReference = BA33B07D1C07391C00F7C587 /* Aspace.app */;
			productType = "com.apple.product-type.application";
		};
/* End PBXNativeTarget section */

/* Begin PBXProject section */
		BA33B0751C07391B00F7C587 /* Project object */ = {
			isa = PBXProject;
			attributes = {
				LastSwiftUpdateCheck = 0710;
				LastUpgradeCheck = 0710;
				ORGANIZATIONNAME = "민규 정";
				TargetAttributes = {
					BA33B07C1C07391C00F7C587 = {
						CreatedOnToolsVersion = 7.1.1;
					};
				};
			};
			buildConfigurationList = BA33B0781C07391B00F7C587 /* Build configuration list for PBXProject "Aspace" */;
			compatibilityVersion = "Xcode 3.2";
			developmentRegion = English;
			hasScannedForEncodings = 0;
			knownRegions = (
				en,
				Base,
			);
			mainGroup = BA33B0741C07391B00F7C587;
			productRefGroup = BA33B07E1C07391C00F7C587 /* Products */;
			projectDirPath = "";
			projectRoot = "";
			targets = (
				BA33B07C1C07391C00F7C587 /* Aspace */,
			);
		};
/* End PBXProject section */

/* Begin PBXResourcesBuildPhase section */
		BA33B07B1C07391C00F7C587 /* Resources */ = {
			isa = PBXResourcesBuildPhase;
			buildActionMask = 2147483647;
			files = (
				BA33B08B1C07391C00F7C587 /* LaunchScreen.storyboard in Resources */,
				BA33B0881C07391C00F7C587 /* Assets.xcassets in Resources */,
				BA33B0861C07391C00F7C587 /* Main.storyboard in Resources */,
			);
			runOnlyForDeploymentPostprocessing = 0;
		};
/* End PBXResourcesBuildPhase section */

/* Begin PBXSourcesBuildPhase section */
		BA33B0791C07391C00F7C587 /* Sources */ = {
			isa = PBXSourcesBuildPhase;
			buildActionMask = 2147483647;
			files = (
				BA33B0831C07391C00F7C587 /* ViewController.swift in Sources */,
				BA33B0811C07391C00F7C587 /* AppDelegate.swift in Sources */,
			);
			runOnlyForDeploymentPostprocessing = 0;
		};
/* End PBXSourcesBuildPhase section */

/* Begin PBXVariantGroup section */
		BA33B0841C07391C00F7C587 /* Main.storyboard */ = {
			isa = PBXVariantGroup;
			children = (
				BA33B0851C07391C00F7C587 /* Base */,
			);
			name = Main.storyboard;
			sourceTree = "<group>";
		};
		BA33B0891C07391C00F7C587 /* LaunchScreen.storyboard */ = {
			isa = PBXVariantGroup;
			children = (
				BA33B08A1C07391C00F7C587 /* Base */,
			);
			name = LaunchScreen.storyboard;
			sourceTree = "<group>";
		};
/* End PBXVariantGroup section */

/* Begin XCBuildConfiguration section */
		BA33B08D1C07391C00F7C587 /* Debug */ = {
			isa = XCBuildConfiguration;
			buildSettings = {
				ALWAYS_SEARCH_USER_PATHS = NO;
				CLANG_CXX_LANGUAGE_STANDARD = "gnu++0x";
				CLANG_CXX_LIBRARY = "libc++";
				CLANG_ENABLE_MODULES = YES;
				CLANG_ENABLE_OBJC_ARC = YES;
				CLANG_WARN_BOOL_CONVERSION = YES;
				CLANG_WARN_CONSTANT_CONVERSION = YES;
				CLANG_WARN_DIRECT_OBJC_ISA_USAGE = YES_ERROR;
				CLANG_WARN_EMPTY_BODY = YES;
				CLANG_WARN_ENUM_CONVERSION = YES;
				CLANG_WARN_INT_CONVERSION = YES;
				CLANG_WARN_OBJC_ROOT_CLASS = YES_ERROR;
				CLANG_WARN_UNREACHABLE_CODE = YES;
				CLANG_WARN__DUPLICATE_METHOD_MATCH = YES;
				"CODE_SIGN_IDENTITY[sdk=iphoneos*]" = "iPhone Developer";
				COPY_PHASE_STRIP = NO;
				DEBUG_INFORMATION_FORMAT = dwarf;
				ENABLE_STRICT_OBJC_MSGSEND = YES;
				ENABLE_TESTABILITY = YES;
				GCC_C_LANGUAGE_STANDARD = gnu99;
				GCC_DYNAMIC_NO_PIC = NO;
				GCC_NO_COMMON_BLOCKS = YES;
				GCC_OPTIMIZATION_LEVEL = 0;
				GCC_PREPROCESSOR_DEFINITIONS = (
					"DEBUG=1",
					"$(inherited)",
				);
				GCC_WARN_64_TO_32_BIT_CONVERSION = YES;
				GCC_WARN_ABOUT_RETURN_TYPE = YES_ERROR;
				GCC_WARN_UNDECLARED_SELECTOR = YES;
				GCC_WARN_UNINITIALIZED_AUTOS = YES_AGGRESSIVE;
				GCC_WARN_UNUSED_FUNCTION = YES;
				GCC_WARN_UNUSED_VARIABLE = YES;
				IPHONEOS_DEPLOYMENT_TARGET = 9.1;
				MTL_ENABLE_DEBUG_INFO = YES;
				ONLY_ACTIVE_ARCH = YES;
				SDKROOT = iphoneos;
				SWIFT_OPTIMIZATION_LEVEL = "-Onone";
				TARGETED_DEVICE_FAMILY = "1,2";
			};
			name = Debug;
		};
		BA33B08E1C07391C00F7C587 /* Release */ = {
			isa = XCBuildConfiguration;
			buildSettings = {
				ALWAYS_SEARCH_USER_PATHS = NO;
				CLANG_CXX_LANGUAGE_STANDARD = "gnu++0x";
				CLANG_CXX_LIBRARY = "libc++";
				CLANG_ENABLE_MODULES = YES;
				CLANG_ENABLE_OBJC_ARC = YES;
				CLANG_WARN_BOOL_CONVERSION = YES;
				CLANG_WARN_CONSTANT_CONVERSION = YES;
				CLANG_WARN_DIRECT_OBJC_ISA_USAGE = YES_ERROR;
				CLANG_WARN_EMPTY_BODY = YES;
				CLANG_WARN_ENUM_CONVERSION = YES;
				CLANG_WARN_INT_CONVERSION = YES;
				CLANG_WARN_OBJC_ROOT_CLASS = YES_ERROR;
				CLANG_WARN_UNREACHABLE_CODE = YES;
				CLANG_WARN__DUPLICATE_METHOD_MATCH = YES;
				"CODE_SIGN_IDENTITY[sdk=iphoneos*]" = "iPhone Developer";
				COPY_PHASE_STRIP = NO;
				DEBUG_INFORMATION_FORMAT = "dwarf-with-dsym";
				ENABLE_NS_ASSERTIONS = NO;
				ENABLE_STRICT_OBJC_MSGSEND = YES;
				GCC_C_LANGUAGE_STANDARD = gnu99;
				GCC_NO_COMMON_BLOCKS = YES;
				GCC_WARN_64_TO_32_BIT_CONVERSION = YES;
				GCC_WARN_ABOUT_RETURN_TYPE = YES_ERROR;
				GCC_WARN_UNDECLARED_SELECTOR = YES;
				GCC_WARN_UNINITIALIZED_AUTOS = YES_AGGRESSIVE;
				GCC_WARN_UNUSED_FUNCTION = YES;
				GCC_WARN_UNUSED_VARIABLE = YES;
				IPHONEOS_DEPLOYMENT_TARGET = 9.1;
				MTL_ENABLE_DEBUG_INFO = NO;
				SDKROOT = iphoneos;
				TARGETED_DEVICE_FAMILY = "1,2";
				VALIDATE_PRODUCT = YES;
			};
			name = Release;
		};
		BA33B0901C07391C00F7C587 /* Debug */ = {
			isa = XCBuildConfiguration;
			buildSettings = {
				ASSETCATALOG_COMPILER_APPICON_NAME = AppIcon;
				INFOPLIST_FILE = Aspace/Info.plist;
				LD_RUNPATH_SEARCH_PATHS = "$(inherited) @executable_path/Frameworks";
				PRODUCT_BUNDLE_IDENTIFIER = "-.Aspace";
				PRODUCT_NAME = "$(TARGET_NAME)";
			};
			name = Debug;
		};
		BA33B0911C07391C00F7C587 /* Release */ = {
			isa = XCBuildConfiguration;
			buildSettings = {
				ASSETCATALOG_COMPILER_APPICON_NAME = AppIcon;
				INFOPLIST_FILE = Aspace/Info.plist;
				LD_RUNPATH_SEARCH_PATHS = "$(inherited) @executable_path/Frameworks";
				PRODUCT_BUNDLE_IDENTIFIER = "-.Aspace";
				PRODUCT_NAME = "$(TARGET_NAME)";
			};
			name = Release;
		};
/* End XCBuildConfiguration section */

/* Begin XCConfigurationList section */
		BA33B0781C07391B00F7C587 /* Build configuration list for PBXProject "Aspace" */ = {
			isa = XCConfigurationList;
			buildConfigurations = (
				BA33B08D1C07391C00F7C587 /* Debug */,
				BA33B08E1C07391C00F7C587 /* Release */,
			);
			defaultConfigurationIsVisible = 0;
			defaultConfigurationName = Release;
		};
		BA33B08F1C07391C00F7C587 /* Build configuration list for PBXNativeTarget "Aspace" */ = {
			isa = XCConfigurationList;
			buildConfigurations = (
				BA33B0901C07391C00F7C587 /* Debug */,
				BA33B0911C07391C00F7C587 /* Release */,
			);
			defaultConfigurationIsVisible = 0;
		};
/* End XCConfigurationList section */
	};
	rootObject = BA33B0751C07391B00F7C587 /* Project object */;
}
