// !$*UTF8*$!
{
	archiveVersion = 1;
	classes = {
	};
	objectVersion = 46;
	objects = {

/* Begin PBXBuildFile section */
		84B4A2101C084AE800434E1A /* AppDelegate.swift in Sources */ = {isa = PBXBuildFile; fileRef = 84B4A20F1C084AE800434E1A /* AppDelegate.swift */; };
		84B4A2121C084AE800434E1A /* ViewController.swift in Sources */ = {isa = PBXBuildFile; fileRef = 84B4A2111C084AE800434E1A /* ViewController.swift */; };
		84B4A2151C084AE800434E1A /* Main.storyboard in Resources */ = {isa = PBXBuildFile; fileRef = 84B4A2131C084AE800434E1A /* Main.storyboard */; };
		84B4A2171C084AE800434E1A /* Assets.xcassets in Resources */ = {isa = PBXBuildFile; fileRef = 84B4A2161C084AE800434E1A /* Assets.xcassets */; };
		84B4A21A1C084AE800434E1A /* LaunchScreen.storyboard in Resources */ = {isa = PBXBuildFile; fileRef = 84B4A2181C084AE800434E1A /* LaunchScreen.storyboard */; };
/* End PBXBuildFile section */

/* Begin PBXFileReference section */
		84B4A20C1C084AE800434E1A /* houhouApplication.app */ = {isa = PBXFileReference; explicitFileType = wrapper.application; includeInIndex = 0; path = houhouApplication.app; sourceTree = BUILT_PRODUCTS_DIR; };
		84B4A20F1C084AE800434E1A /* AppDelegate.swift */ = {isa = PBXFileReference; lastKnownFileType = sourcecode.swift; path = AppDelegate.swift; sourceTree = "<group>"; };
		84B4A2111C084AE800434E1A /* ViewController.swift */ = {isa = PBXFileReference; lastKnownFileType = sourcecode.swift; path = ViewController.swift; sourceTree = "<group>"; };
		84B4A2141C084AE800434E1A /* Base */ = {isa = PBXFileReference; lastKnownFileType = file.storyboard; name = Base; path = Base.lproj/Main.storyboard; sourceTree = "<group>"; };
		84B4A2161C084AE800434E1A /* Assets.xcassets */ = {isa = PBXFileReference; lastKnownFileType = folder.assetcatalog; path = Assets.xcassets; sourceTree = "<group>"; };
		84B4A2191C084AE800434E1A /* Base */ = {isa = PBXFileReference; lastKnownFileType = file.storyboard; name = Base; path = Base.lproj/LaunchScreen.storyboard; sourceTree = "<group>"; };
		84B4A21B1C084AE800434E1A /* Info.plist */ = {isa = PBXFileReference; lastKnownFileType = text.plist.xml; path = Info.plist; sourceTree = "<group>"; };
		84B4A2211C084B3B00434E1A /* PilotPlant.framework */ = {isa = PBXFileReference; lastKnownFileType = wrapper.framework; name = PilotPlant.framework; path = ../../../Common/PilotPlant.framework; sourceTree = "<group>"; };
/* End PBXFileReference section */

/* Begin PBXFrameworksBuildPhase section */
		84B4A2091C084AE800434E1A /* Frameworks */ = {
			isa = PBXFrameworksBuildPhase;
			buildActionMask = 2147483647;
			files = (
			);
			runOnlyForDeploymentPostprocessing = 0;
		};
/* End PBXFrameworksBuildPhase section */

/* Begin PBXGroup section */
		84B4A2031C084AE800434E1A = {
			isa = PBXGroup;
			children = (
				84B4A2211C084B3B00434E1A /* PilotPlant.framework */,
				84B4A20E1C084AE800434E1A /* houhouApplication */,
				84B4A20D1C084AE800434E1A /* Products */,
			);
			sourceTree = "<group>";
		};
		84B4A20D1C084AE800434E1A /* Products */ = {
			isa = PBXGroup;
			children = (
				84B4A20C1C084AE800434E1A /* houhouApplication.app */,
			);
			name = Products;
			sourceTree = "<group>";
		};
		84B4A20E1C084AE800434E1A /* houhouApplication */ = {
			isa = PBXGroup;
			children = (
				84B4A20F1C084AE800434E1A /* AppDelegate.swift */,
				84B4A2111C084AE800434E1A /* ViewController.swift */,
				84B4A2131C084AE800434E1A /* Main.storyboard */,
				84B4A2161C084AE800434E1A /* Assets.xcassets */,
				84B4A2181C084AE800434E1A /* LaunchScreen.storyboard */,
				84B4A21B1C084AE800434E1A /* Info.plist */,
			);
			path = houhouApplication;
			sourceTree = "<group>";
		};
/* End PBXGroup section */

/* Begin PBXNativeTarget section */
		84B4A20B1C084AE800434E1A /* houhouApplication */ = {
			isa = PBXNativeTarget;
			buildConfigurationList = 84B4A21E1C084AE800434E1A /* Build configuration list for PBXNativeTarget "houhouApplication" */;
			buildPhases = (
				84B4A2081C084AE800434E1A /* Sources */,
				84B4A2091C084AE800434E1A /* Frameworks */,
				84B4A20A1C084AE800434E1A /* Resources */,
			);
			buildRules = (
			);
			dependencies = (
			);
			name = houhouApplication;
			productName = houhouApplication;
			productReference = 84B4A20C1C084AE800434E1A /* houhouApplication.app */;
			productType = "com.apple.product-type.application";
		};
/* End PBXNativeTarget section */

/* Begin PBXProject section */
		84B4A2041C084AE800434E1A /* Project object */ = {
			isa = PBXProject;
			attributes = {
				LastSwiftUpdateCheck = 0710;
				LastUpgradeCheck = 0710;
				ORGANIZATIONNAME = "Yein Jo";
				TargetAttributes = {
					84B4A20B1C084AE800434E1A = {
						CreatedOnToolsVersion = 7.1.1;
						DevelopmentTeam = H8A4VUCFK3;
					};
				};
			};
			buildConfigurationList = 84B4A2071C084AE800434E1A /* Build configuration list for PBXProject "houhouApplication" */;
			compatibilityVersion = "Xcode 3.2";
			developmentRegion = English;
			hasScannedForEncodings = 0;
			knownRegions = (
				en,
				Base,
			);
			mainGroup = 84B4A2031C084AE800434E1A;
			productRefGroup = 84B4A20D1C084AE800434E1A /* Products */;
			projectDirPath = "";
			projectRoot = "";
			targets = (
				84B4A20B1C084AE800434E1A /* houhouApplication */,
			);
		};
/* End PBXProject section */

/* Begin PBXResourcesBuildPhase section */
		84B4A20A1C084AE800434E1A /* Resources */ = {
			isa = PBXResourcesBuildPhase;
			buildActionMask = 2147483647;
			files = (
				84B4A21A1C084AE800434E1A /* LaunchScreen.storyboard in Resources */,
				84B4A2171C084AE800434E1A /* Assets.xcassets in Resources */,
				84B4A2151C084AE800434E1A /* Main.storyboard in Resources */,
			);
			runOnlyForDeploymentPostprocessing = 0;
		};
/* End PBXResourcesBuildPhase section */

/* Begin PBXSourcesBuildPhase section */
		84B4A2081C084AE800434E1A /* Sources */ = {
			isa = PBXSourcesBuildPhase;
			buildActionMask = 2147483647;
			files = (
				84B4A2121C084AE800434E1A /* ViewController.swift in Sources */,
				84B4A2101C084AE800434E1A /* AppDelegate.swift in Sources */,
			);
			runOnlyForDeploymentPostprocessing = 0;
		};
/* End PBXSourcesBuildPhase section */

/* Begin PBXVariantGroup section */
		84B4A2131C084AE800434E1A /* Main.storyboard */ = {
			isa = PBXVariantGroup;
			children = (
				84B4A2141C084AE800434E1A /* Base */,
			);
			name = Main.storyboard;
			sourceTree = "<group>";
		};
		84B4A2181C084AE800434E1A /* LaunchScreen.storyboard */ = {
			isa = PBXVariantGroup;
			children = (
				84B4A2191C084AE800434E1A /* Base */,
			);
			name = LaunchScreen.storyboard;
			sourceTree = "<group>";
		};
/* End PBXVariantGroup section */

/* Begin XCBuildConfiguration section */
		84B4A21C1C084AE800434E1A /* Debug */ = {
			isa = XCBuildConfiguration;
			buildSettings = {
				ALWAYS_SEARCH_USER_PATHS = NO;
				CLANG_CXX_LANGUAGE_STANDARD = "gnu++0x";
				CLANG_CXX_LIBRARY = "libc++";
				CLANG_ENABLE_MODULES = YES;
				CLANG_ENABLE_OBJC_ARC = YES;
				CLANG_WARN_BOOL_CONVERSION = YES;
				CLANG_WARN_CONSTANT_CONVERSION = YES;
				CLANG_WARN_DIRECT_OBJC_ISA_USAGE = YES_ERROR;
				CLANG_WARN_EMPTY_BODY = YES;
				CLANG_WARN_ENUM_CONVERSION = YES;
				CLANG_WARN_INT_CONVERSION = YES;
				CLANG_WARN_OBJC_ROOT_CLASS = YES_ERROR;
				CLANG_WARN_UNREACHABLE_CODE = YES;
				CLANG_WARN__DUPLICATE_METHOD_MATCH = YES;
				"CODE_SIGN_IDENTITY[sdk=iphoneos*]" = "iPhone Developer";
				COPY_PHASE_STRIP = NO;
				DEBUG_INFORMATION_FORMAT = dwarf;
				ENABLE_STRICT_OBJC_MSGSEND = YES;
				ENABLE_TESTABILITY = YES;
				GCC_C_LANGUAGE_STANDARD = gnu99;
				GCC_DYNAMIC_NO_PIC = NO;
				GCC_NO_COMMON_BLOCKS = YES;
				GCC_OPTIMIZATION_LEVEL = 0;
				GCC_PREPROCESSOR_DEFINITIONS = (
					"DEBUG=1",
					"$(inherited)",
				);
				GCC_WARN_64_TO_32_BIT_CONVERSION = YES;
				GCC_WARN_ABOUT_RETURN_TYPE = YES_ERROR;
				GCC_WARN_UNDECLARED_SELECTOR = YES;
				GCC_WARN_UNINITIALIZED_AUTOS = YES_AGGRESSIVE;
				GCC_WARN_UNUSED_FUNCTION = YES;
				GCC_WARN_UNUSED_VARIABLE = YES;
				IPHONEOS_DEPLOYMENT_TARGET = 9.1;
				MTL_ENABLE_DEBUG_INFO = YES;
				ONLY_ACTIVE_ARCH = YES;
				SDKROOT = iphoneos;
				SWIFT_OPTIMIZATION_LEVEL = "-Onone";
				TARGETED_DEVICE_FAMILY = "1,2";
			};
			name = Debug;
		};
		84B4A21D1C084AE800434E1A /* Release */ = {
			isa = XCBuildConfiguration;
			buildSettings = {
				ALWAYS_SEARCH_USER_PATHS = NO;
				CLANG_CXX_LANGUAGE_STANDARD = "gnu++0x";
				CLANG_CXX_LIBRARY = "libc++";
				CLANG_ENABLE_MODULES = YES;
				CLANG_ENABLE_OBJC_ARC = YES;
				CLANG_WARN_BOOL_CONVERSION = YES;
				CLANG_WARN_CONSTANT_CONVERSION = YES;
				CLANG_WARN_DIRECT_OBJC_ISA_USAGE = YES_ERROR;
				CLANG_WARN_EMPTY_BODY = YES;
				CLANG_WARN_ENUM_CONVERSION = YES;
				CLANG_WARN_INT_CONVERSION = YES;
				CLANG_WARN_OBJC_ROOT_CLASS = YES_ERROR;
				CLANG_WARN_UNREACHABLE_CODE = YES;
				CLANG_WARN__DUPLICATE_METHOD_MATCH = YES;
				"CODE_SIGN_IDENTITY[sdk=iphoneos*]" = "iPhone Developer";
				COPY_PHASE_STRIP = NO;
				DEBUG_INFORMATION_FORMAT = "dwarf-with-dsym";
				ENABLE_NS_ASSERTIONS = NO;
				ENABLE_STRICT_OBJC_MSGSEND = YES;
				GCC_C_LANGUAGE_STANDARD = gnu99;
				GCC_NO_COMMON_BLOCKS = YES;
				GCC_WARN_64_TO_32_BIT_CONVERSION = YES;
				GCC_WARN_ABOUT_RETURN_TYPE = YES_ERROR;
				GCC_WARN_UNDECLARED_SELECTOR = YES;
				GCC_WARN_UNINITIALIZED_AUTOS = YES_AGGRESSIVE;
				GCC_WARN_UNUSED_FUNCTION = YES;
				GCC_WARN_UNUSED_VARIABLE = YES;
				IPHONEOS_DEPLOYMENT_TARGET = 9.1;
				MTL_ENABLE_DEBUG_INFO = NO;
				SDKROOT = iphoneos;
				TARGETED_DEVICE_FAMILY = "1,2";
				VALIDATE_PRODUCT = YES;
			};
			name = Release;
		};
		84B4A21F1C084AE800434E1A /* Debug */ = {
			isa = XCBuildConfiguration;
			buildSettings = {
				ASSETCATALOG_COMPILER_APPICON_NAME = AppIcon;
				FRAMEWORK_SEARCH_PATHS = "\"$(SRCROOT)/../../../Common\"";
				INFOPLIST_FILE = houhouApplication/Info.plist;
				LD_RUNPATH_SEARCH_PATHS = "$(inherited) @executable_path/Frameworks";
				PRODUCT_BUNDLE_IDENTIFIER = jojo.houhouApplication;
				PRODUCT_NAME = "$(TARGET_NAME)";
			};
			name = Debug;
		};
		84B4A2201C084AE800434E1A /* Release */ = {
			isa = XCBuildConfiguration;
			buildSettings = {
				ASSETCATALOG_COMPILER_APPICON_NAME = AppIcon;
				FRAMEWORK_SEARCH_PATHS = "\"$(SRCROOT)/../../../Common\"";
				INFOPLIST_FILE = houhouApplication/Info.plist;
				LD_RUNPATH_SEARCH_PATHS = "$(inherited) @executable_path/Frameworks";
				PRODUCT_BUNDLE_IDENTIFIER = jojo.houhouApplication;
				PRODUCT_NAME = "$(TARGET_NAME)";
			};
			name = Release;
		};
/* End XCBuildConfiguration section */

/* Begin XCConfigurationList section */
		84B4A2071C084AE800434E1A /* Build configuration list for PBXProject "houhouApplication" */ = {
			isa = XCConfigurationList;
			buildConfigurations = (
				84B4A21C1C084AE800434E1A /* Debug */,
				84B4A21D1C084AE800434E1A /* Release */,
			);
			defaultConfigurationIsVisible = 0;
			defaultConfigurationName = Release;
		};
		84B4A21E1C084AE800434E1A /* Build configuration list for PBXNativeTarget "houhouApplication" */ = {
			isa = XCConfigurationList;
			buildConfigurations = (
				84B4A21F1C084AE800434E1A /* Debug */,
				84B4A2201C084AE800434E1A /* Release */,
			);
			defaultConfigurationIsVisible = 0;
		};
/* End XCConfigurationList section */
	};
	rootObject = 84B4A2041C084AE800434E1A /* Project object */;
}
