// !$*UTF8*$!
{
	archiveVersion = 1;
	classes = {
	};
	objectVersion = 46;
	objects = {

/* Begin PBXBuildFile section */
		84163AEA1C04573800118F75 /* UIViewController+Navigation.swift in Sources */ = {isa = PBXBuildFile; fileRef = 84163AE91C04573800118F75 /* UIViewController+Navigation.swift */; };
		84E69CDB1C042A180051C950 /* AppDelegate.swift in Sources */ = {isa = PBXBuildFile; fileRef = 84E69CDA1C042A180051C950 /* AppDelegate.swift */; };
		84E69CDD1C042A180051C950 /* ViewController.swift in Sources */ = {isa = PBXBuildFile; fileRef = 84E69CDC1C042A180051C950 /* ViewController.swift */; };
		84E69CE01C042A180051C950 /* Main.storyboard in Resources */ = {isa = PBXBuildFile; fileRef = 84E69CDE1C042A180051C950 /* Main.storyboard */; };
		84E69CE21C042A180051C950 /* Assets.xcassets in Resources */ = {isa = PBXBuildFile; fileRef = 84E69CE11C042A180051C950 /* Assets.xcassets */; };
		84E69CE51C042A180051C950 /* LaunchScreen.storyboard in Resources */ = {isa = PBXBuildFile; fileRef = 84E69CE31C042A180051C950 /* LaunchScreen.storyboard */; };
/* End PBXBuildFile section */

/* Begin PBXFileReference section */
		84163AE91C04573800118F75 /* UIViewController+Navigation.swift */ = {isa = PBXFileReference; fileEncoding = 4; lastKnownFileType = sourcecode.swift; path = "UIViewController+Navigation.swift"; sourceTree = "<group>"; };
		84E69CD71C042A180051C950 /* houhouSketch.app */ = {isa = PBXFileReference; explicitFileType = wrapper.application; includeInIndex = 0; path = houhouSketch.app; sourceTree = BUILT_PRODUCTS_DIR; };
		84E69CDA1C042A180051C950 /* AppDelegate.swift */ = {isa = PBXFileReference; lastKnownFileType = sourcecode.swift; path = AppDelegate.swift; sourceTree = "<group>"; };
		84E69CDC1C042A180051C950 /* ViewController.swift */ = {isa = PBXFileReference; lastKnownFileType = sourcecode.swift; path = ViewController.swift; sourceTree = "<group>"; };
		84E69CDF1C042A180051C950 /* Base */ = {isa = PBXFileReference; lastKnownFileType = file.storyboard; name = Base; path = Base.lproj/Main.storyboard; sourceTree = "<group>"; };
		84E69CE11C042A180051C950 /* Assets.xcassets */ = {isa = PBXFileReference; lastKnownFileType = folder.assetcatalog; path = Assets.xcassets; sourceTree = "<group>"; };
		84E69CE41C042A180051C950 /* Base */ = {isa = PBXFileReference; lastKnownFileType = file.storyboard; name = Base; path = Base.lproj/LaunchScreen.storyboard; sourceTree = "<group>"; };
		84E69CE61C042A180051C950 /* Info.plist */ = {isa = PBXFileReference; lastKnownFileType = text.plist.xml; path = Info.plist; sourceTree = "<group>"; };
/* End PBXFileReference section */

/* Begin PBXFrameworksBuildPhase section */
		84E69CD41C042A170051C950 /* Frameworks */ = {
			isa = PBXFrameworksBuildPhase;
			buildActionMask = 2147483647;
			files = (
			);
			runOnlyForDeploymentPostprocessing = 0;
		};
/* End PBXFrameworksBuildPhase section */

/* Begin PBXGroup section */
		84E69CCE1C042A170051C950 = {
			isa = PBXGroup;
			children = (
				84E69CD91C042A180051C950 /* houhouSketch */,
				84E69CD81C042A180051C950 /* Products */,
			);
			sourceTree = "<group>";
		};
		84E69CD81C042A180051C950 /* Products */ = {
			isa = PBXGroup;
			children = (
				84E69CD71C042A180051C950 /* houhouSketch.app */,
			);
			name = Products;
			sourceTree = "<group>";
		};
		84E69CD91C042A180051C950 /* houhouSketch */ = {
			isa = PBXGroup;
			children = (
				84163AE91C04573800118F75 /* UIViewController+Navigation.swift */,
				84E69CDA1C042A180051C950 /* AppDelegate.swift */,
				84E69CDC1C042A180051C950 /* ViewController.swift */,
				84E69CDE1C042A180051C950 /* Main.storyboard */,
				84E69CE11C042A180051C950 /* Assets.xcassets */,
				84E69CE31C042A180051C950 /* LaunchScreen.storyboard */,
				84E69CE61C042A180051C950 /* Info.plist */,
			);
			path = houhouSketch;
			sourceTree = "<group>";
		};
/* End PBXGroup section */

/* Begin PBXNativeTarget section */
		84E69CD61C042A170051C950 /* houhouSketch */ = {
			isa = PBXNativeTarget;
			buildConfigurationList = 84E69CE91C042A180051C950 /* Build configuration list for PBXNativeTarget "houhouSketch" */;
			buildPhases = (
				84E69CD31C042A170051C950 /* Sources */,
				84E69CD41C042A170051C950 /* Frameworks */,
				84E69CD51C042A170051C950 /* Resources */,
			);
			buildRules = (
			);
			dependencies = (
			);
			name = houhouSketch;
			productName = houhouSketch;
			productReference = 84E69CD71C042A180051C950 /* houhouSketch.app */;
			productType = "com.apple.product-type.application";
		};
/* End PBXNativeTarget section */

/* Begin PBXProject section */
		84E69CCF1C042A170051C950 /* Project object */ = {
			isa = PBXProject;
			attributes = {
				LastSwiftUpdateCheck = 0710;
				LastUpgradeCheck = 0710;
				ORGANIZATIONNAME = "Yein Jo";
				TargetAttributes = {
					84E69CD61C042A170051C950 = {
						CreatedOnToolsVersion = 7.1.1;
						DevelopmentTeam = H8A4VUCFK3;
					};
				};
			};
			buildConfigurationList = 84E69CD21C042A170051C950 /* Build configuration list for PBXProject "houhouSketch" */;
			compatibilityVersion = "Xcode 3.2";
			developmentRegion = English;
			hasScannedForEncodings = 0;
			knownRegions = (
				en,
				Base,
			);
			mainGroup = 84E69CCE1C042A170051C950;
			productRefGroup = 84E69CD81C042A180051C950 /* Products */;
			projectDirPath = "";
			projectRoot = "";
			targets = (
				84E69CD61C042A170051C950 /* houhouSketch */,
			);
		};
/* End PBXProject section */

/* Begin PBXResourcesBuildPhase section */
		84E69CD51C042A170051C950 /* Resources */ = {
			isa = PBXResourcesBuildPhase;
			buildActionMask = 2147483647;
			files = (
				84E69CE51C042A180051C950 /* LaunchScreen.storyboard in Resources */,
				84E69CE21C042A180051C950 /* Assets.xcassets in Resources */,
				84E69CE01C042A180051C950 /* Main.storyboard in Resources */,
			);
			runOnlyForDeploymentPostprocessing = 0;
		};
/* End PBXResourcesBuildPhase section */

/* Begin PBXSourcesBuildPhase section */
		84E69CD31C042A170051C950 /* Sources */ = {
			isa = PBXSourcesBuildPhase;
			buildActionMask = 2147483647;
			files = (
				84163AEA1C04573800118F75 /* UIViewController+Navigation.swift in Sources */,
				84E69CDD1C042A180051C950 /* ViewController.swift in Sources */,
				84E69CDB1C042A180051C950 /* AppDelegate.swift in Sources */,
			);
			runOnlyForDeploymentPostprocessing = 0;
		};
/* End PBXSourcesBuildPhase section */

/* Begin PBXVariantGroup section */
		84E69CDE1C042A180051C950 /* Main.storyboard */ = {
			isa = PBXVariantGroup;
			children = (
				84E69CDF1C042A180051C950 /* Base */,
			);
			name = Main.storyboard;
			sourceTree = "<group>";
		};
		84E69CE31C042A180051C950 /* LaunchScreen.storyboard */ = {
			isa = PBXVariantGroup;
			children = (
				84E69CE41C042A180051C950 /* Base */,
			);
			name = LaunchScreen.storyboard;
			sourceTree = "<group>";
		};
/* End PBXVariantGroup section */

/* Begin XCBuildConfiguration section */
		84E69CE71C042A180051C950 /* Debug */ = {
			isa = XCBuildConfiguration;
			buildSettings = {
				ALWAYS_SEARCH_USER_PATHS = NO;
				CLANG_CXX_LANGUAGE_STANDARD = "gnu++0x";
				CLANG_CXX_LIBRARY = "libc++";
				CLANG_ENABLE_MODULES = YES;
				CLANG_ENABLE_OBJC_ARC = YES;
				CLANG_WARN_BOOL_CONVERSION = YES;
				CLANG_WARN_CONSTANT_CONVERSION = YES;
				CLANG_WARN_DIRECT_OBJC_ISA_USAGE = YES_ERROR;
				CLANG_WARN_EMPTY_BODY = YES;
				CLANG_WARN_ENUM_CONVERSION = YES;
				CLANG_WARN_INT_CONVERSION = YES;
				CLANG_WARN_OBJC_ROOT_CLASS = YES_ERROR;
				CLANG_WARN_UNREACHABLE_CODE = YES;
				CLANG_WARN__DUPLICATE_METHOD_MATCH = YES;
				"CODE_SIGN_IDENTITY[sdk=iphoneos*]" = "iPhone Developer";
				COPY_PHASE_STRIP = NO;
				DEBUG_INFORMATION_FORMAT = dwarf;
				ENABLE_STRICT_OBJC_MSGSEND = YES;
				ENABLE_TESTABILITY = YES;
				GCC_C_LANGUAGE_STANDARD = gnu99;
				GCC_DYNAMIC_NO_PIC = NO;
				GCC_NO_COMMON_BLOCKS = YES;
				GCC_OPTIMIZATION_LEVEL = 0;
				GCC_PREPROCESSOR_DEFINITIONS = (
					"DEBUG=1",
					"$(inherited)",
				);
				GCC_WARN_64_TO_32_BIT_CONVERSION = YES;
				GCC_WARN_ABOUT_RETURN_TYPE = YES_ERROR;
				GCC_WARN_UNDECLARED_SELECTOR = YES;
				GCC_WARN_UNINITIALIZED_AUTOS = YES_AGGRESSIVE;
				GCC_WARN_UNUSED_FUNCTION = YES;
				GCC_WARN_UNUSED_VARIABLE = YES;
				IPHONEOS_DEPLOYMENT_TARGET = 9.1;
				MTL_ENABLE_DEBUG_INFO = YES;
				ONLY_ACTIVE_ARCH = YES;
				SDKROOT = iphoneos;
				SWIFT_OPTIMIZATION_LEVEL = "-Onone";
				TARGETED_DEVICE_FAMILY = "1,2";
			};
			name = Debug;
		};
		84E69CE81C042A180051C950 /* Release */ = {
			isa = XCBuildConfiguration;
			buildSettings = {
				ALWAYS_SEARCH_USER_PATHS = NO;
				CLANG_CXX_LANGUAGE_STANDARD = "gnu++0x";
				CLANG_CXX_LIBRARY = "libc++";
				CLANG_ENABLE_MODULES = YES;
				CLANG_ENABLE_OBJC_ARC = YES;
				CLANG_WARN_BOOL_CONVERSION = YES;
				CLANG_WARN_CONSTANT_CONVERSION = YES;
				CLANG_WARN_DIRECT_OBJC_ISA_USAGE = YES_ERROR;
				CLANG_WARN_EMPTY_BODY = YES;
				CLANG_WARN_ENUM_CONVERSION = YES;
				CLANG_WARN_INT_CONVERSION = YES;
				CLANG_WARN_OBJC_ROOT_CLASS = YES_ERROR;
				CLANG_WARN_UNREACHABLE_CODE = YES;
				CLANG_WARN__DUPLICATE_METHOD_MATCH = YES;
				"CODE_SIGN_IDENTITY[sdk=iphoneos*]" = "iPhone Developer";
				COPY_PHASE_STRIP = NO;
				DEBUG_INFORMATION_FORMAT = "dwarf-with-dsym";
				ENABLE_NS_ASSERTIONS = NO;
				ENABLE_STRICT_OBJC_MSGSEND = YES;
				GCC_C_LANGUAGE_STANDARD = gnu99;
				GCC_NO_COMMON_BLOCKS = YES;
				GCC_WARN_64_TO_32_BIT_CONVERSION = YES;
				GCC_WARN_ABOUT_RETURN_TYPE = YES_ERROR;
				GCC_WARN_UNDECLARED_SELECTOR = YES;
				GCC_WARN_UNINITIALIZED_AUTOS = YES_AGGRESSIVE;
				GCC_WARN_UNUSED_FUNCTION = YES;
				GCC_WARN_UNUSED_VARIABLE = YES;
				IPHONEOS_DEPLOYMENT_TARGET = 9.1;
				MTL_ENABLE_DEBUG_INFO = NO;
				SDKROOT = iphoneos;
				TARGETED_DEVICE_FAMILY = "1,2";
				VALIDATE_PRODUCT = YES;
			};
			name = Release;
		};
		84E69CEA1C042A180051C950 /* Debug */ = {
			isa = XCBuildConfiguration;
			buildSettings = {
				ASSETCATALOG_COMPILER_APPICON_NAME = AppIcon;
				INFOPLIST_FILE = houhouSketch/Info.plist;
				LD_RUNPATH_SEARCH_PATHS = "$(inherited) @executable_path/Frameworks";
				PRODUCT_BUNDLE_IDENTIFIER = jojo.houhouSketch;
				PRODUCT_NAME = "$(TARGET_NAME)";
			};
			name = Debug;
		};
		84E69CEB1C042A180051C950 /* Release */ = {
			isa = XCBuildConfiguration;
			buildSettings = {
				ASSETCATALOG_COMPILER_APPICON_NAME = AppIcon;
				INFOPLIST_FILE = houhouSketch/Info.plist;
				LD_RUNPATH_SEARCH_PATHS = "$(inherited) @executable_path/Frameworks";
				PRODUCT_BUNDLE_IDENTIFIER = jojo.houhouSketch;
				PRODUCT_NAME = "$(TARGET_NAME)";
			};
			name = Release;
		};
/* End XCBuildConfiguration section */

/* Begin XCConfigurationList section */
		84E69CD21C042A170051C950 /* Build configuration list for PBXProject "houhouSketch" */ = {
			isa = XCConfigurationList;
			buildConfigurations = (
				84E69CE71C042A180051C950 /* Debug */,
				84E69CE81C042A180051C950 /* Release */,
			);
			defaultConfigurationIsVisible = 0;
			defaultConfigurationName = Release;
		};
		84E69CE91C042A180051C950 /* Build configuration list for PBXNativeTarget "houhouSketch" */ = {
			isa = XCConfigurationList;
			buildConfigurations = (
				84E69CEA1C042A180051C950 /* Debug */,
				84E69CEB1C042A180051C950 /* Release */,
			);
			defaultConfigurationIsVisible = 0;
			defaultConfigurationName = Release;
		};
/* End XCConfigurationList section */
	};
	rootObject = 84E69CCF1C042A170051C950 /* Project object */;
}
